// !$*UTF8*$!
{
	archiveVersion = 1;
	classes = {
	};
	objectVersion = 46;
	objects = {

/* Begin PBXBuildFile section */
		1B6D42331377354600B5EB55 /* Foundation.framework in Frameworks */ = {isa = PBXBuildFile; fileRef = 1B6D42321377354600B5EB55 /* Foundation.framework */; };
		1B6D42E41377358F00B5EB55 /* CC3ModelSampleFactory.h in Headers */ = {isa = PBXBuildFile; fileRef = 1B6D423D1377358E00B5EB55 /* CC3ModelSampleFactory.h */; };
		1B6D42E51377358F00B5EB55 /* CC3ModelSampleFactory.m in Sources */ = {isa = PBXBuildFile; fileRef = 1B6D423E1377358E00B5EB55 /* CC3ModelSampleFactory.m */; };
		1B6D42E61377358F00B5EB55 /* teapot.h in Headers */ = {isa = PBXBuildFile; fileRef = 1B6D423F1377358E00B5EB55 /* teapot.h */; };
		1B6D42E71377358F00B5EB55 /* CC3IdentifiablePODExtensions.h in Headers */ = {isa = PBXBuildFile; fileRef = 1B6D42411377358E00B5EB55 /* CC3IdentifiablePODExtensions.h */; };
		1B6D42E81377358F00B5EB55 /* CC3IdentifiablePODExtensions.m in Sources */ = {isa = PBXBuildFile; fileRef = 1B6D42421377358E00B5EB55 /* CC3IdentifiablePODExtensions.m */; };
		1B6D42E91377358F00B5EB55 /* CC3NodePODExtensions.h in Headers */ = {isa = PBXBuildFile; fileRef = 1B6D42431377358E00B5EB55 /* CC3NodePODExtensions.h */; };
		1B6D42EA1377358F00B5EB55 /* CC3NodePODExtensions.mm in Sources */ = {isa = PBXBuildFile; fileRef = 1B6D42441377358E00B5EB55 /* CC3NodePODExtensions.mm */; };
		1B6D42EB1377358F00B5EB55 /* CC3PODCamera.h in Headers */ = {isa = PBXBuildFile; fileRef = 1B6D42451377358E00B5EB55 /* CC3PODCamera.h */; };
		1B6D42EC1377358F00B5EB55 /* CC3PODCamera.mm in Sources */ = {isa = PBXBuildFile; fileRef = 1B6D42461377358E00B5EB55 /* CC3PODCamera.mm */; };
		1B6D42ED1377358F00B5EB55 /* CC3PODLight.h in Headers */ = {isa = PBXBuildFile; fileRef = 1B6D42471377358E00B5EB55 /* CC3PODLight.h */; };
		1B6D42EE1377358F00B5EB55 /* CC3PODLight.mm in Sources */ = {isa = PBXBuildFile; fileRef = 1B6D42481377358E00B5EB55 /* CC3PODLight.mm */; };
		1B6D42EF1377358F00B5EB55 /* CC3PODMaterial.h in Headers */ = {isa = PBXBuildFile; fileRef = 1B6D42491377358E00B5EB55 /* CC3PODMaterial.h */; };
		1B6D42F01377358F00B5EB55 /* CC3PODMaterial.mm in Sources */ = {isa = PBXBuildFile; fileRef = 1B6D424A1377358E00B5EB55 /* CC3PODMaterial.mm */; };
		1B6D42F11377358F00B5EB55 /* CC3PODMeshModel.h in Headers */ = {isa = PBXBuildFile; fileRef = 1B6D424B1377358E00B5EB55 /* CC3PODMeshModel.h */; };
		1B6D42F21377358F00B5EB55 /* CC3PODMeshModel.mm in Sources */ = {isa = PBXBuildFile; fileRef = 1B6D424C1377358E00B5EB55 /* CC3PODMeshModel.mm */; };
		1B6D42F31377358F00B5EB55 /* CC3PODMeshNode.h in Headers */ = {isa = PBXBuildFile; fileRef = 1B6D424D1377358E00B5EB55 /* CC3PODMeshNode.h */; };
		1B6D42F41377358F00B5EB55 /* CC3PODMeshNode.mm in Sources */ = {isa = PBXBuildFile; fileRef = 1B6D424E1377358E00B5EB55 /* CC3PODMeshNode.mm */; };
		1B6D42F51377358F00B5EB55 /* CC3PODNode.h in Headers */ = {isa = PBXBuildFile; fileRef = 1B6D424F1377358E00B5EB55 /* CC3PODNode.h */; };
		1B6D42F61377358F00B5EB55 /* CC3PODNode.m in Sources */ = {isa = PBXBuildFile; fileRef = 1B6D42501377358E00B5EB55 /* CC3PODNode.m */; };
		1B6D42F71377358F00B5EB55 /* CC3PODResource.h in Headers */ = {isa = PBXBuildFile; fileRef = 1B6D42511377358E00B5EB55 /* CC3PODResource.h */; };
		1B6D42F81377358F00B5EB55 /* CC3PODResource.mm in Sources */ = {isa = PBXBuildFile; fileRef = 1B6D42521377358E00B5EB55 /* CC3PODResource.mm */; };
		1B6D42F91377358F00B5EB55 /* CC3PODResourceNode.h in Headers */ = {isa = PBXBuildFile; fileRef = 1B6D42531377358E00B5EB55 /* CC3PODResourceNode.h */; };
		1B6D42FA1377358F00B5EB55 /* CC3PODResourceNode.m in Sources */ = {isa = PBXBuildFile; fileRef = 1B6D42541377358E00B5EB55 /* CC3PODResourceNode.m */; };
		1B6D42FB1377358F00B5EB55 /* CC3PVRFoundation.h in Headers */ = {isa = PBXBuildFile; fileRef = 1B6D42551377358E00B5EB55 /* CC3PVRFoundation.h */; };
		1B6D42FC1377358F00B5EB55 /* CC3PVRFoundation.mm in Sources */ = {isa = PBXBuildFile; fileRef = 1B6D42561377358E00B5EB55 /* CC3PVRFoundation.mm */; };
		1B6D42FD1377358F00B5EB55 /* CC3PVRTModelPOD.h in Headers */ = {isa = PBXBuildFile; fileRef = 1B6D42571377358E00B5EB55 /* CC3PVRTModelPOD.h */; };
		1B6D42FE1377358F00B5EB55 /* CC3VertexArraysPODExtensions.h in Headers */ = {isa = PBXBuildFile; fileRef = 1B6D42581377358E00B5EB55 /* CC3VertexArraysPODExtensions.h */; };
		1B6D42FF1377358F00B5EB55 /* CC3VertexArraysPODExtensions.mm in Sources */ = {isa = PBXBuildFile; fileRef = 1B6D42591377358E00B5EB55 /* CC3VertexArraysPODExtensions.mm */; };
		1B6D43001377358F00B5EB55 /* PVRTBackground.cpp in Sources */ = {isa = PBXBuildFile; fileRef = 1B6D425C1377358E00B5EB55 /* PVRTBackground.cpp */; };
		1B6D43011377358F00B5EB55 /* PVRTContext.h in Headers */ = {isa = PBXBuildFile; fileRef = 1B6D425D1377358E00B5EB55 /* PVRTContext.h */; };
		1B6D43021377358F00B5EB55 /* PVRTFixedPointAPI.h in Headers */ = {isa = PBXBuildFile; fileRef = 1B6D425E1377358E00B5EB55 /* PVRTFixedPointAPI.h */; };
		1B6D43031377358F00B5EB55 /* PVRTglesExt.cpp in Sources */ = {isa = PBXBuildFile; fileRef = 1B6D425F1377358E00B5EB55 /* PVRTglesExt.cpp */; };
		1B6D43041377358F00B5EB55 /* PVRTglesExt.h in Headers */ = {isa = PBXBuildFile; fileRef = 1B6D42601377358E00B5EB55 /* PVRTglesExt.h */; };
		1B6D43051377358F00B5EB55 /* PVRTTextureAPI.cpp in Sources */ = {isa = PBXBuildFile; fileRef = 1B6D42611377358E00B5EB55 /* PVRTTextureAPI.cpp */; };
		1B6D43061377358F00B5EB55 /* PVRTTextureAPI.h in Headers */ = {isa = PBXBuildFile; fileRef = 1B6D42621377358E00B5EB55 /* PVRTTextureAPI.h */; };
		1B6D43071377358F00B5EB55 /* PVRTBackground.h in Headers */ = {isa = PBXBuildFile; fileRef = 1B6D42641377358E00B5EB55 /* PVRTBackground.h */; };
		1B6D43081377358F00B5EB55 /* PVRTBoneBatch.cpp in Sources */ = {isa = PBXBuildFile; fileRef = 1B6D42651377358E00B5EB55 /* PVRTBoneBatch.cpp */; };
		1B6D43091377358F00B5EB55 /* PVRTBoneBatch.h in Headers */ = {isa = PBXBuildFile; fileRef = 1B6D42661377358E00B5EB55 /* PVRTBoneBatch.h */; };
		1B6D430A1377358F00B5EB55 /* PVRTDecompress.cpp in Sources */ = {isa = PBXBuildFile; fileRef = 1B6D42671377358E00B5EB55 /* PVRTDecompress.cpp */; };
		1B6D430B1377358F00B5EB55 /* PVRTDecompress.h in Headers */ = {isa = PBXBuildFile; fileRef = 1B6D42681377358E00B5EB55 /* PVRTDecompress.h */; };
		1B6D430C1377358F00B5EB55 /* PVRTError.cpp in Sources */ = {isa = PBXBuildFile; fileRef = 1B6D42691377358E00B5EB55 /* PVRTError.cpp */; };
		1B6D430D1377358F00B5EB55 /* PVRTError.h in Headers */ = {isa = PBXBuildFile; fileRef = 1B6D426A1377358E00B5EB55 /* PVRTError.h */; };
		1B6D430E1377358F00B5EB55 /* PVRTFixedPoint.cpp in Sources */ = {isa = PBXBuildFile; fileRef = 1B6D426B1377358E00B5EB55 /* PVRTFixedPoint.cpp */; };
		1B6D430F1377358F00B5EB55 /* PVRTFixedPoint.h in Headers */ = {isa = PBXBuildFile; fileRef = 1B6D426C1377358E00B5EB55 /* PVRTFixedPoint.h */; };
		1B6D43101377358F00B5EB55 /* PVRTGeometry.cpp in Sources */ = {isa = PBXBuildFile; fileRef = 1B6D426D1377358E00B5EB55 /* PVRTGeometry.cpp */; };
		1B6D43111377358F00B5EB55 /* PVRTGeometry.h in Headers */ = {isa = PBXBuildFile; fileRef = 1B6D426E1377358E00B5EB55 /* PVRTGeometry.h */; };
		1B6D43121377358F00B5EB55 /* PVRTGlobal.h in Headers */ = {isa = PBXBuildFile; fileRef = 1B6D426F1377358E00B5EB55 /* PVRTGlobal.h */; };
		1B6D43131377358F00B5EB55 /* PVRTMathTable.h in Headers */ = {isa = PBXBuildFile; fileRef = 1B6D42701377358E00B5EB55 /* PVRTMathTable.h */; };
		1B6D43141377358F00B5EB55 /* PVRTMatrix.h in Headers */ = {isa = PBXBuildFile; fileRef = 1B6D42711377358E00B5EB55 /* PVRTMatrix.h */; };
		1B6D43151377358F00B5EB55 /* PVRTMatrixF.cpp in Sources */ = {isa = PBXBuildFile; fileRef = 1B6D42721377358E00B5EB55 /* PVRTMatrixF.cpp */; };
		1B6D43161377358F00B5EB55 /* PVRTMatrixX.cpp in Sources */ = {isa = PBXBuildFile; fileRef = 1B6D42731377358E00B5EB55 /* PVRTMatrixX.cpp */; };
		1B6D43171377358F00B5EB55 /* PVRTMemoryFileSystem.h in Headers */ = {isa = PBXBuildFile; fileRef = 1B6D42741377358E00B5EB55 /* PVRTMemoryFileSystem.h */; };
		1B6D43181377358F00B5EB55 /* PVRTMisc.cpp in Sources */ = {isa = PBXBuildFile; fileRef = 1B6D42751377358E00B5EB55 /* PVRTMisc.cpp */; };
		1B6D43191377358F00B5EB55 /* PVRTMisc.h in Headers */ = {isa = PBXBuildFile; fileRef = 1B6D42761377358E00B5EB55 /* PVRTMisc.h */; };
		1B6D431A1377358F00B5EB55 /* PVRTModelPOD.cpp in Sources */ = {isa = PBXBuildFile; fileRef = 1B6D42771377358E00B5EB55 /* PVRTModelPOD.cpp */; };
		1B6D431B1377358F00B5EB55 /* PVRTModelPOD.h in Headers */ = {isa = PBXBuildFile; fileRef = 1B6D42781377358E00B5EB55 /* PVRTModelPOD.h */; };
		1B6D431C1377358F00B5EB55 /* PVRTQuaternion.h in Headers */ = {isa = PBXBuildFile; fileRef = 1B6D42791377358E00B5EB55 /* PVRTQuaternion.h */; };
		1B6D431D1377358F00B5EB55 /* PVRTQuaternionF.cpp in Sources */ = {isa = PBXBuildFile; fileRef = 1B6D427A1377358E00B5EB55 /* PVRTQuaternionF.cpp */; };
		1B6D431E1377358F00B5EB55 /* PVRTQuaternionX.cpp in Sources */ = {isa = PBXBuildFile; fileRef = 1B6D427B1377358E00B5EB55 /* PVRTQuaternionX.cpp */; };
		1B6D431F1377358F00B5EB55 /* PVRTResourceFile.cpp in Sources */ = {isa = PBXBuildFile; fileRef = 1B6D427C1377358E00B5EB55 /* PVRTResourceFile.cpp */; };
		1B6D43201377358F00B5EB55 /* PVRTResourceFile.h in Headers */ = {isa = PBXBuildFile; fileRef = 1B6D427D1377358E00B5EB55 /* PVRTResourceFile.h */; };
		1B6D43211377358F00B5EB55 /* PVRTShadowVol.cpp in Sources */ = {isa = PBXBuildFile; fileRef = 1B6D427E1377358E00B5EB55 /* PVRTShadowVol.cpp */; };
		1B6D43221377358F00B5EB55 /* PVRTShadowVol.h in Headers */ = {isa = PBXBuildFile; fileRef = 1B6D427F1377358E00B5EB55 /* PVRTShadowVol.h */; };
		1B6D43231377358F00B5EB55 /* PVRTSingleton.h in Headers */ = {isa = PBXBuildFile; fileRef = 1B6D42801377358E00B5EB55 /* PVRTSingleton.h */; };
		1B6D43241377358F00B5EB55 /* PVRTString.cpp in Sources */ = {isa = PBXBuildFile; fileRef = 1B6D42811377358E00B5EB55 /* PVRTString.cpp */; };
		1B6D43251377358F00B5EB55 /* PVRTString.h in Headers */ = {isa = PBXBuildFile; fileRef = 1B6D42821377358E00B5EB55 /* PVRTString.h */; };
		1B6D43261377358F00B5EB55 /* PVRTTexture.cpp in Sources */ = {isa = PBXBuildFile; fileRef = 1B6D42831377358E00B5EB55 /* PVRTTexture.cpp */; };
		1B6D43271377358F00B5EB55 /* PVRTTexture.h in Headers */ = {isa = PBXBuildFile; fileRef = 1B6D42841377358E00B5EB55 /* PVRTTexture.h */; };
		1B6D43281377358F00B5EB55 /* PVRTTrans.cpp in Sources */ = {isa = PBXBuildFile; fileRef = 1B6D42851377358E00B5EB55 /* PVRTTrans.cpp */; };
		1B6D43291377358F00B5EB55 /* PVRTTrans.h in Headers */ = {isa = PBXBuildFile; fileRef = 1B6D42861377358E00B5EB55 /* PVRTTrans.h */; };
		1B6D432A1377358F00B5EB55 /* PVRTTriStrip.cpp in Sources */ = {isa = PBXBuildFile; fileRef = 1B6D42871377358E00B5EB55 /* PVRTTriStrip.cpp */; };
		1B6D432B1377358F00B5EB55 /* PVRTTriStrip.h in Headers */ = {isa = PBXBuildFile; fileRef = 1B6D42881377358E00B5EB55 /* PVRTTriStrip.h */; };
		1B6D432C1377358F00B5EB55 /* PVRTVector.cpp in Sources */ = {isa = PBXBuildFile; fileRef = 1B6D42891377358E00B5EB55 /* PVRTVector.cpp */; };
		1B6D432D1377358F00B5EB55 /* PVRTVector.h in Headers */ = {isa = PBXBuildFile; fileRef = 1B6D428A1377358E00B5EB55 /* PVRTVector.h */; };
		1B6D432E1377358F00B5EB55 /* PVRTVertex.cpp in Sources */ = {isa = PBXBuildFile; fileRef = 1B6D428B1377358E00B5EB55 /* PVRTVertex.cpp */; };
		1B6D432F1377358F00B5EB55 /* PVRTVertex.h in Headers */ = {isa = PBXBuildFile; fileRef = 1B6D428C1377358E00B5EB55 /* PVRTVertex.h */; };
		1B6D43301377358F00B5EB55 /* CCNodeController.h in Headers */ = {isa = PBXBuildFile; fileRef = 1B6D428E1377358E00B5EB55 /* CCNodeController.h */; };
		1B6D43311377358F00B5EB55 /* CCNodeController.m in Sources */ = {isa = PBXBuildFile; fileRef = 1B6D428F1377358E00B5EB55 /* CCNodeController.m */; };
		1B6D43321377358F00B5EB55 /* ControllableCCLayer.h in Headers */ = {isa = PBXBuildFile; fileRef = 1B6D42901377358E00B5EB55 /* ControllableCCLayer.h */; };
		1B6D43331377358F00B5EB55 /* ControllableCCLayer.m in Sources */ = {isa = PBXBuildFile; fileRef = 1B6D42911377358E00B5EB55 /* ControllableCCLayer.m */; };
		1B6D43341377358F00B5EB55 /* CC3ActionInterval.h in Headers */ = {isa = PBXBuildFile; fileRef = 1B6D42931377358E00B5EB55 /* CC3ActionInterval.h */; };
		1B6D43351377358F00B5EB55 /* CC3ActionInterval.m in Sources */ = {isa = PBXBuildFile; fileRef = 1B6D42941377358E00B5EB55 /* CC3ActionInterval.m */; };
		1B6D43361377358F00B5EB55 /* CC3Billboard.h in Headers */ = {isa = PBXBuildFile; fileRef = 1B6D42951377358E00B5EB55 /* CC3Billboard.h */; };
		1B6D43371377358F00B5EB55 /* CC3Billboard.m in Sources */ = {isa = PBXBuildFile; fileRef = 1B6D42961377358E00B5EB55 /* CC3Billboard.m */; };
		1B6D43381377358F00B5EB55 /* CC3BoundingVolumes.h in Headers */ = {isa = PBXBuildFile; fileRef = 1B6D42971377358E00B5EB55 /* CC3BoundingVolumes.h */; };
		1B6D43391377358F00B5EB55 /* CC3BoundingVolumes.m in Sources */ = {isa = PBXBuildFile; fileRef = 1B6D42981377358E00B5EB55 /* CC3BoundingVolumes.m */; };
		1B6D433A1377358F00B5EB55 /* CC3Camera.h in Headers */ = {isa = PBXBuildFile; fileRef = 1B6D42991377358E00B5EB55 /* CC3Camera.h */; };
		1B6D433B1377358F00B5EB55 /* CC3Camera.m in Sources */ = {isa = PBXBuildFile; fileRef = 1B6D429A1377358E00B5EB55 /* CC3Camera.m */; };
		1B6D433C1377358F00B5EB55 /* CC3Identifiable.h in Headers */ = {isa = PBXBuildFile; fileRef = 1B6D429B1377358E00B5EB55 /* CC3Identifiable.h */; };
		1B6D433D1377358F00B5EB55 /* CC3Identifiable.m in Sources */ = {isa = PBXBuildFile; fileRef = 1B6D429C1377358E00B5EB55 /* CC3Identifiable.m */; };
		1B6D433E1377358F00B5EB55 /* CC3Layer.h in Headers */ = {isa = PBXBuildFile; fileRef = 1B6D429D1377358E00B5EB55 /* CC3Layer.h */; };
		1B6D433F1377358F00B5EB55 /* CC3Layer.m in Sources */ = {isa = PBXBuildFile; fileRef = 1B6D429E1377358E00B5EB55 /* CC3Layer.m */; };
		1B6D43401377358F00B5EB55 /* CC3Light.h in Headers */ = {isa = PBXBuildFile; fileRef = 1B6D429F1377358E00B5EB55 /* CC3Light.h */; };
		1B6D43411377358F00B5EB55 /* CC3Light.m in Sources */ = {isa = PBXBuildFile; fileRef = 1B6D42A01377358E00B5EB55 /* CC3Light.m */; };
		1B6D43421377358F00B5EB55 /* CC3Material.h in Headers */ = {isa = PBXBuildFile; fileRef = 1B6D42A11377358E00B5EB55 /* CC3Material.h */; };
		1B6D43431377358F00B5EB55 /* CC3Material.m in Sources */ = {isa = PBXBuildFile; fileRef = 1B6D42A21377358E00B5EB55 /* CC3Material.m */; };
		1B6D43441377358F00B5EB55 /* CC3MeshModel.h in Headers */ = {isa = PBXBuildFile; fileRef = 1B6D42A31377358E00B5EB55 /* CC3MeshModel.h */; };
		1B6D43451377358F00B5EB55 /* CC3MeshModel.m in Sources */ = {isa = PBXBuildFile; fileRef = 1B6D42A41377358E00B5EB55 /* CC3MeshModel.m */; };
		1B6D43461377358F00B5EB55 /* CC3MeshNode.h in Headers */ = {isa = PBXBuildFile; fileRef = 1B6D42A51377358E00B5EB55 /* CC3MeshNode.h */; };
		1B6D43471377358F00B5EB55 /* CC3MeshNode.m in Sources */ = {isa = PBXBuildFile; fileRef = 1B6D42A61377358E00B5EB55 /* CC3MeshNode.m */; };
		1B6D43481377358F00B5EB55 /* CC3Node.h in Headers */ = {isa = PBXBuildFile; fileRef = 1B6D42A71377358E00B5EB55 /* CC3Node.h */; };
		1B6D43491377358F00B5EB55 /* CC3Node.m in Sources */ = {isa = PBXBuildFile; fileRef = 1B6D42A81377358E00B5EB55 /* CC3Node.m */; };
		1B6D434A1377358F00B5EB55 /* CC3NodeAnimation.h in Headers */ = {isa = PBXBuildFile; fileRef = 1B6D42A91377358E00B5EB55 /* CC3NodeAnimation.h */; };
		1B6D434B1377358F00B5EB55 /* CC3NodeAnimation.m in Sources */ = {isa = PBXBuildFile; fileRef = 1B6D42AA1377358E00B5EB55 /* CC3NodeAnimation.m */; };
		1B6D434C1377358F00B5EB55 /* CC3NodeSequencer.h in Headers */ = {isa = PBXBuildFile; fileRef = 1B6D42AB1377358E00B5EB55 /* CC3NodeSequencer.h */; };
		1B6D434D1377358F00B5EB55 /* CC3NodeSequencer.m in Sources */ = {isa = PBXBuildFile; fileRef = 1B6D42AC1377358E00B5EB55 /* CC3NodeSequencer.m */; };
		1B6D434E1377358F00B5EB55 /* CC3NodeVisitor.h in Headers */ = {isa = PBXBuildFile; fileRef = 1B6D42AD1377358E00B5EB55 /* CC3NodeVisitor.h */; };
		1B6D434F1377358F00B5EB55 /* CC3NodeVisitor.m in Sources */ = {isa = PBXBuildFile; fileRef = 1B6D42AE1377358E00B5EB55 /* CC3NodeVisitor.m */; };
		1B6D43501377358F00B5EB55 /* CC3PerformanceStatistics.h in Headers */ = {isa = PBXBuildFile; fileRef = 1B6D42AF1377358E00B5EB55 /* CC3PerformanceStatistics.h */; };
		1B6D43511377358F00B5EB55 /* CC3PerformanceStatistics.m in Sources */ = {isa = PBXBuildFile; fileRef = 1B6D42B01377358E00B5EB55 /* CC3PerformanceStatistics.m */; };
		1B6D43521377358F00B5EB55 /* CC3Resource.h in Headers */ = {isa = PBXBuildFile; fileRef = 1B6D42B11377358E00B5EB55 /* CC3Resource.h */; };
		1B6D43531377358F00B5EB55 /* CC3Resource.m in Sources */ = {isa = PBXBuildFile; fileRef = 1B6D42B21377358E00B5EB55 /* CC3Resource.m */; };
		1B6D43541377358F00B5EB55 /* CC3ResourceNode.h in Headers */ = {isa = PBXBuildFile; fileRef = 1B6D42B31377358E00B5EB55 /* CC3ResourceNode.h */; };
		1B6D43551377358F00B5EB55 /* CC3ResourceNode.m in Sources */ = {isa = PBXBuildFile; fileRef = 1B6D42B41377358E00B5EB55 /* CC3ResourceNode.m */; };
		1B6D43561377358F00B5EB55 /* CC3TargettingNode.h in Headers */ = {isa = PBXBuildFile; fileRef = 1B6D42B51377358E00B5EB55 /* CC3TargettingNode.h */; };
		1B6D43571377358F00B5EB55 /* CC3TargettingNode.m in Sources */ = {isa = PBXBuildFile; fileRef = 1B6D42B61377358E00B5EB55 /* CC3TargettingNode.m */; };
		1B6D43581377358F00B5EB55 /* CC3Texture.h in Headers */ = {isa = PBXBuildFile; fileRef = 1B6D42B71377358E00B5EB55 /* CC3Texture.h */; };
		1B6D43591377358F00B5EB55 /* CC3Texture.m in Sources */ = {isa = PBXBuildFile; fileRef = 1B6D42B81377358E00B5EB55 /* CC3Texture.m */; };
		1B6D435A1377358F00B5EB55 /* CC3VertexArrayMeshModel.h in Headers */ = {isa = PBXBuildFile; fileRef = 1B6D42B91377358E00B5EB55 /* CC3VertexArrayMeshModel.h */; };
		1B6D435B1377358F00B5EB55 /* CC3VertexArrayMeshModel.m in Sources */ = {isa = PBXBuildFile; fileRef = 1B6D42BA1377358E00B5EB55 /* CC3VertexArrayMeshModel.m */; };
		1B6D435C1377358F00B5EB55 /* CC3VertexArrays.h in Headers */ = {isa = PBXBuildFile; fileRef = 1B6D42BB1377358E00B5EB55 /* CC3VertexArrays.h */; };
		1B6D435D1377358F00B5EB55 /* CC3VertexArrays.m in Sources */ = {isa = PBXBuildFile; fileRef = 1B6D42BC1377358E00B5EB55 /* CC3VertexArrays.m */; };
		1B6D435E1377358F00B5EB55 /* CC3World.h in Headers */ = {isa = PBXBuildFile; fileRef = 1B6D42BD1377358E00B5EB55 /* CC3World.h */; };
		1B6D435F1377358F00B5EB55 /* CC3World.m in Sources */ = {isa = PBXBuildFile; fileRef = 1B6D42BE1377358E00B5EB55 /* CC3World.m */; };
		1B6D43601377358F00B5EB55 /* CC3OpenGLES11Capabilities.h in Headers */ = {isa = PBXBuildFile; fileRef = 1B6D42C01377358E00B5EB55 /* CC3OpenGLES11Capabilities.h */; };
		1B6D43611377358F00B5EB55 /* CC3OpenGLES11Capabilities.m in Sources */ = {isa = PBXBuildFile; fileRef = 1B6D42C11377358E00B5EB55 /* CC3OpenGLES11Capabilities.m */; };
		1B6D43621377358F00B5EB55 /* CC3OpenGLES11Engine.h in Headers */ = {isa = PBXBuildFile; fileRef = 1B6D42C21377358E00B5EB55 /* CC3OpenGLES11Engine.h */; };
		1B6D43631377358F00B5EB55 /* CC3OpenGLES11Engine.m in Sources */ = {isa = PBXBuildFile; fileRef = 1B6D42C31377358E00B5EB55 /* CC3OpenGLES11Engine.m */; };
		1B6D43641377358F00B5EB55 /* CC3OpenGLES11Foundation.h in Headers */ = {isa = PBXBuildFile; fileRef = 1B6D42C41377358E00B5EB55 /* CC3OpenGLES11Foundation.h */; };
		1B6D43651377358F00B5EB55 /* CC3OpenGLES11Foundation.m in Sources */ = {isa = PBXBuildFile; fileRef = 1B6D42C51377358E00B5EB55 /* CC3OpenGLES11Foundation.m */; };
		1B6D43661377358F00B5EB55 /* CC3OpenGLES11Intercept.c in Sources */ = {isa = PBXBuildFile; fileRef = 1B6D42C61377358E00B5EB55 /* CC3OpenGLES11Intercept.c */; };
		1B6D43671377358F00B5EB55 /* CC3OpenGLES11Intercept.h in Headers */ = {isa = PBXBuildFile; fileRef = 1B6D42C71377358E00B5EB55 /* CC3OpenGLES11Intercept.h */; };
		1B6D43681377358F00B5EB55 /* CC3OpenGLES11Lighting.h in Headers */ = {isa = PBXBuildFile; fileRef = 1B6D42C81377358E00B5EB55 /* CC3OpenGLES11Lighting.h */; };
		1B6D43691377358F00B5EB55 /* CC3OpenGLES11Lighting.m in Sources */ = {isa = PBXBuildFile; fileRef = 1B6D42C91377358E00B5EB55 /* CC3OpenGLES11Lighting.m */; };
		1B6D436A1377358F00B5EB55 /* CC3OpenGLES11Materials.h in Headers */ = {isa = PBXBuildFile; fileRef = 1B6D42CA1377358E00B5EB55 /* CC3OpenGLES11Materials.h */; };
		1B6D436B1377358F00B5EB55 /* CC3OpenGLES11Materials.m in Sources */ = {isa = PBXBuildFile; fileRef = 1B6D42CB1377358E00B5EB55 /* CC3OpenGLES11Materials.m */; };
		1B6D436C1377358F00B5EB55 /* CC3OpenGLES11Matrices.h in Headers */ = {isa = PBXBuildFile; fileRef = 1B6D42CC1377358E00B5EB55 /* CC3OpenGLES11Matrices.h */; };
		1B6D436D1377358F00B5EB55 /* CC3OpenGLES11Matrices.m in Sources */ = {isa = PBXBuildFile; fileRef = 1B6D42CD1377358E00B5EB55 /* CC3OpenGLES11Matrices.m */; };
		1B6D436E1377358F00B5EB55 /* CC3OpenGLES11Platform.h in Headers */ = {isa = PBXBuildFile; fileRef = 1B6D42CE1377358E00B5EB55 /* CC3OpenGLES11Platform.h */; };
		1B6D436F1377358F00B5EB55 /* CC3OpenGLES11Platform.m in Sources */ = {isa = PBXBuildFile; fileRef = 1B6D42CF1377358E00B5EB55 /* CC3OpenGLES11Platform.m */; };
		1B6D43701377358F00B5EB55 /* CC3OpenGLES11State.h in Headers */ = {isa = PBXBuildFile; fileRef = 1B6D42D01377358E00B5EB55 /* CC3OpenGLES11State.h */; };
		1B6D43711377358F00B5EB55 /* CC3OpenGLES11State.m in Sources */ = {isa = PBXBuildFile; fileRef = 1B6D42D11377358E00B5EB55 /* CC3OpenGLES11State.m */; };
		1B6D43721377358F00B5EB55 /* CC3OpenGLES11StateTracker.h in Headers */ = {isa = PBXBuildFile; fileRef = 1B6D42D21377358E00B5EB55 /* CC3OpenGLES11StateTracker.h */; };
		1B6D43731377358F00B5EB55 /* CC3OpenGLES11StateTracker.m in Sources */ = {isa = PBXBuildFile; fileRef = 1B6D42D31377358E00B5EB55 /* CC3OpenGLES11StateTracker.m */; };
		1B6D43741377358F00B5EB55 /* CC3OpenGLES11Textures.h in Headers */ = {isa = PBXBuildFile; fileRef = 1B6D42D41377358E00B5EB55 /* CC3OpenGLES11Textures.h */; };
		1B6D43751377358F00B5EB55 /* CC3OpenGLES11Textures.m in Sources */ = {isa = PBXBuildFile; fileRef = 1B6D42D51377358E00B5EB55 /* CC3OpenGLES11Textures.m */; };
		1B6D43761377358F00B5EB55 /* CC3OpenGLES11Utility.c in Sources */ = {isa = PBXBuildFile; fileRef = 1B6D42D61377358E00B5EB55 /* CC3OpenGLES11Utility.c */; };
		1B6D43771377358F00B5EB55 /* CC3OpenGLES11Utility.h in Headers */ = {isa = PBXBuildFile; fileRef = 1B6D42D71377358E00B5EB55 /* CC3OpenGLES11Utility.h */; };
		1B6D43781377358F00B5EB55 /* CC3OpenGLES11VertexArrays.h in Headers */ = {isa = PBXBuildFile; fileRef = 1B6D42D81377358E00B5EB55 /* CC3OpenGLES11VertexArrays.h */; };
		1B6D43791377358F00B5EB55 /* CC3OpenGLES11VertexArrays.m in Sources */ = {isa = PBXBuildFile; fileRef = 1B6D42D91377358E00B5EB55 /* CC3OpenGLES11VertexArrays.m */; };
		1B6D437A1377358F00B5EB55 /* CC3Foundation.h in Headers */ = {isa = PBXBuildFile; fileRef = 1B6D42DB1377358E00B5EB55 /* CC3Foundation.h */; };
		1B6D437B1377358F00B5EB55 /* CC3Foundation.m in Sources */ = {isa = PBXBuildFile; fileRef = 1B6D42DC1377358E00B5EB55 /* CC3Foundation.m */; };
		1B6D437C1377358F00B5EB55 /* CC3GLMatrix.h in Headers */ = {isa = PBXBuildFile; fileRef = 1B6D42DD1377358E00B5EB55 /* CC3GLMatrix.h */; };
		1B6D437D1377358F00B5EB55 /* CC3GLMatrix.m in Sources */ = {isa = PBXBuildFile; fileRef = 1B6D42DE1377358E00B5EB55 /* CC3GLMatrix.m */; };
		1B6D437E1377358F00B5EB55 /* CC3Kazmath.c in Sources */ = {isa = PBXBuildFile; fileRef = 1B6D42DF1377358E00B5EB55 /* CC3Kazmath.c */; };
		1B6D437F1377358F00B5EB55 /* CC3Kazmath.h in Headers */ = {isa = PBXBuildFile; fileRef = 1B6D42E01377358E00B5EB55 /* CC3Kazmath.h */; };
		1B6D43801377358F00B5EB55 /* CC3Logging.h in Headers */ = {isa = PBXBuildFile; fileRef = 1B6D42E11377358E00B5EB55 /* CC3Logging.h */; };
		1B6D43811377358F00B5EB55 /* CC3Math.h in Headers */ = {isa = PBXBuildFile; fileRef = 1B6D42E21377358E00B5EB55 /* CC3Math.h */; };
		1B6D43821377358F00B5EB55 /* CC3Math.m in Sources */ = {isa = PBXBuildFile; fileRef = 1B6D42E31377358E00B5EB55 /* CC3Math.m */; };
/* End PBXBuildFile section */

/* Begin PBXFileReference section */
		1B6D422F1377354600B5EB55 /* libcocos3D.a */ = {isa = PBXFileReference; explicitFileType = archive.ar; includeInIndex = 0; path = libcocos3D.a; sourceTree = BUILT_PRODUCTS_DIR; };
		1B6D42321377354600B5EB55 /* Foundation.framework */ = {isa = PBXFileReference; lastKnownFileType = wrapper.framework; name = Foundation.framework; path = System/Library/Frameworks/Foundation.framework; sourceTree = SDKROOT; };
		1B6D42361377354600B5EB55 /* cocos3D-Prefix.pch */ = {isa = PBXFileReference; lastKnownFileType = sourcecode.c.h; path = "cocos3D-Prefix.pch"; sourceTree = "<group>"; };
		1B6D423D1377358E00B5EB55 /* CC3ModelSampleFactory.h */ = {isa = PBXFileReference; fileEncoding = 4; lastKnownFileType = sourcecode.c.h; path = CC3ModelSampleFactory.h; sourceTree = "<group>"; };
		1B6D423E1377358E00B5EB55 /* CC3ModelSampleFactory.m */ = {isa = PBXFileReference; fileEncoding = 4; lastKnownFileType = sourcecode.c.objc; path = CC3ModelSampleFactory.m; sourceTree = "<group>"; };
		1B6D423F1377358E00B5EB55 /* teapot.h */ = {isa = PBXFileReference; fileEncoding = 4; lastKnownFileType = sourcecode.c.h; path = teapot.h; sourceTree = "<group>"; };
		1B6D42411377358E00B5EB55 /* CC3IdentifiablePODExtensions.h */ = {isa = PBXFileReference; fileEncoding = 4; lastKnownFileType = sourcecode.c.h; path = CC3IdentifiablePODExtensions.h; sourceTree = "<group>"; };
		1B6D42421377358E00B5EB55 /* CC3IdentifiablePODExtensions.m */ = {isa = PBXFileReference; fileEncoding = 4; lastKnownFileType = sourcecode.c.objc; path = CC3IdentifiablePODExtensions.m; sourceTree = "<group>"; };
		1B6D42431377358E00B5EB55 /* CC3NodePODExtensions.h */ = {isa = PBXFileReference; fileEncoding = 4; lastKnownFileType = sourcecode.c.h; path = CC3NodePODExtensions.h; sourceTree = "<group>"; };
		1B6D42441377358E00B5EB55 /* CC3NodePODExtensions.mm */ = {isa = PBXFileReference; fileEncoding = 4; lastKnownFileType = sourcecode.cpp.objcpp; path = CC3NodePODExtensions.mm; sourceTree = "<group>"; };
		1B6D42451377358E00B5EB55 /* CC3PODCamera.h */ = {isa = PBXFileReference; fileEncoding = 4; lastKnownFileType = sourcecode.c.h; path = CC3PODCamera.h; sourceTree = "<group>"; };
		1B6D42461377358E00B5EB55 /* CC3PODCamera.mm */ = {isa = PBXFileReference; fileEncoding = 4; lastKnownFileType = sourcecode.cpp.objcpp; path = CC3PODCamera.mm; sourceTree = "<group>"; };
		1B6D42471377358E00B5EB55 /* CC3PODLight.h */ = {isa = PBXFileReference; fileEncoding = 4; lastKnownFileType = sourcecode.c.h; path = CC3PODLight.h; sourceTree = "<group>"; };
		1B6D42481377358E00B5EB55 /* CC3PODLight.mm */ = {isa = PBXFileReference; fileEncoding = 4; lastKnownFileType = sourcecode.cpp.objcpp; path = CC3PODLight.mm; sourceTree = "<group>"; };
		1B6D42491377358E00B5EB55 /* CC3PODMaterial.h */ = {isa = PBXFileReference; fileEncoding = 4; lastKnownFileType = sourcecode.c.h; path = CC3PODMaterial.h; sourceTree = "<group>"; };
		1B6D424A1377358E00B5EB55 /* CC3PODMaterial.mm */ = {isa = PBXFileReference; fileEncoding = 4; lastKnownFileType = sourcecode.cpp.objcpp; path = CC3PODMaterial.mm; sourceTree = "<group>"; };
		1B6D424B1377358E00B5EB55 /* CC3PODMeshModel.h */ = {isa = PBXFileReference; fileEncoding = 4; lastKnownFileType = sourcecode.c.h; path = CC3PODMeshModel.h; sourceTree = "<group>"; };
		1B6D424C1377358E00B5EB55 /* CC3PODMeshModel.mm */ = {isa = PBXFileReference; fileEncoding = 4; lastKnownFileType = sourcecode.cpp.objcpp; path = CC3PODMeshModel.mm; sourceTree = "<group>"; };
		1B6D424D1377358E00B5EB55 /* CC3PODMeshNode.h */ = {isa = PBXFileReference; fileEncoding = 4; lastKnownFileType = sourcecode.c.h; path = CC3PODMeshNode.h; sourceTree = "<group>"; };
		1B6D424E1377358E00B5EB55 /* CC3PODMeshNode.mm */ = {isa = PBXFileReference; fileEncoding = 4; lastKnownFileType = sourcecode.cpp.objcpp; path = CC3PODMeshNode.mm; sourceTree = "<group>"; };
		1B6D424F1377358E00B5EB55 /* CC3PODNode.h */ = {isa = PBXFileReference; fileEncoding = 4; lastKnownFileType = sourcecode.c.h; path = CC3PODNode.h; sourceTree = "<group>"; };
		1B6D42501377358E00B5EB55 /* CC3PODNode.m */ = {isa = PBXFileReference; fileEncoding = 4; lastKnownFileType = sourcecode.c.objc; path = CC3PODNode.m; sourceTree = "<group>"; };
		1B6D42511377358E00B5EB55 /* CC3PODResource.h */ = {isa = PBXFileReference; fileEncoding = 4; lastKnownFileType = sourcecode.c.h; path = CC3PODResource.h; sourceTree = "<group>"; };
		1B6D42521377358E00B5EB55 /* CC3PODResource.mm */ = {isa = PBXFileReference; fileEncoding = 4; lastKnownFileType = sourcecode.cpp.objcpp; path = CC3PODResource.mm; sourceTree = "<group>"; };
		1B6D42531377358E00B5EB55 /* CC3PODResourceNode.h */ = {isa = PBXFileReference; fileEncoding = 4; lastKnownFileType = sourcecode.c.h; path = CC3PODResourceNode.h; sourceTree = "<group>"; };
		1B6D42541377358E00B5EB55 /* CC3PODResourceNode.m */ = {isa = PBXFileReference; fileEncoding = 4; lastKnownFileType = sourcecode.c.objc; path = CC3PODResourceNode.m; sourceTree = "<group>"; };
		1B6D42551377358E00B5EB55 /* CC3PVRFoundation.h */ = {isa = PBXFileReference; fileEncoding = 4; lastKnownFileType = sourcecode.c.h; path = CC3PVRFoundation.h; sourceTree = "<group>"; };
		1B6D42561377358E00B5EB55 /* CC3PVRFoundation.mm */ = {isa = PBXFileReference; fileEncoding = 4; lastKnownFileType = sourcecode.cpp.objcpp; path = CC3PVRFoundation.mm; sourceTree = "<group>"; };
		1B6D42571377358E00B5EB55 /* CC3PVRTModelPOD.h */ = {isa = PBXFileReference; fileEncoding = 4; lastKnownFileType = sourcecode.c.h; path = CC3PVRTModelPOD.h; sourceTree = "<group>"; };
		1B6D42581377358E00B5EB55 /* CC3VertexArraysPODExtensions.h */ = {isa = PBXFileReference; fileEncoding = 4; lastKnownFileType = sourcecode.c.h; path = CC3VertexArraysPODExtensions.h; sourceTree = "<group>"; };
		1B6D42591377358E00B5EB55 /* CC3VertexArraysPODExtensions.mm */ = {isa = PBXFileReference; fileEncoding = 4; lastKnownFileType = sourcecode.cpp.objcpp; path = CC3VertexArraysPODExtensions.mm; sourceTree = "<group>"; };
		1B6D425C1377358E00B5EB55 /* PVRTBackground.cpp */ = {isa = PBXFileReference; fileEncoding = 4; lastKnownFileType = sourcecode.cpp.cpp; path = PVRTBackground.cpp; sourceTree = "<group>"; };
		1B6D425D1377358E00B5EB55 /* PVRTContext.h */ = {isa = PBXFileReference; fileEncoding = 4; lastKnownFileType = sourcecode.c.h; path = PVRTContext.h; sourceTree = "<group>"; };
		1B6D425E1377358E00B5EB55 /* PVRTFixedPointAPI.h */ = {isa = PBXFileReference; fileEncoding = 4; lastKnownFileType = sourcecode.c.h; path = PVRTFixedPointAPI.h; sourceTree = "<group>"; };
		1B6D425F1377358E00B5EB55 /* PVRTglesExt.cpp */ = {isa = PBXFileReference; fileEncoding = 4; lastKnownFileType = sourcecode.cpp.cpp; path = PVRTglesExt.cpp; sourceTree = "<group>"; };
		1B6D42601377358E00B5EB55 /* PVRTglesExt.h */ = {isa = PBXFileReference; fileEncoding = 4; lastKnownFileType = sourcecode.c.h; path = PVRTglesExt.h; sourceTree = "<group>"; };
		1B6D42611377358E00B5EB55 /* PVRTTextureAPI.cpp */ = {isa = PBXFileReference; fileEncoding = 4; lastKnownFileType = sourcecode.cpp.cpp; path = PVRTTextureAPI.cpp; sourceTree = "<group>"; };
		1B6D42621377358E00B5EB55 /* PVRTTextureAPI.h */ = {isa = PBXFileReference; fileEncoding = 4; lastKnownFileType = sourcecode.c.h; path = PVRTTextureAPI.h; sourceTree = "<group>"; };
		1B6D42631377358E00B5EB55 /* PVRT_Removed_Files.txt */ = {isa = PBXFileReference; fileEncoding = 4; lastKnownFileType = text; path = PVRT_Removed_Files.txt; sourceTree = "<group>"; };
		1B6D42641377358E00B5EB55 /* PVRTBackground.h */ = {isa = PBXFileReference; fileEncoding = 4; lastKnownFileType = sourcecode.c.h; path = PVRTBackground.h; sourceTree = "<group>"; };
		1B6D42651377358E00B5EB55 /* PVRTBoneBatch.cpp */ = {isa = PBXFileReference; fileEncoding = 4; lastKnownFileType = sourcecode.cpp.cpp; path = PVRTBoneBatch.cpp; sourceTree = "<group>"; };
		1B6D42661377358E00B5EB55 /* PVRTBoneBatch.h */ = {isa = PBXFileReference; fileEncoding = 4; lastKnownFileType = sourcecode.c.h; path = PVRTBoneBatch.h; sourceTree = "<group>"; };
		1B6D42671377358E00B5EB55 /* PVRTDecompress.cpp */ = {isa = PBXFileReference; fileEncoding = 4; lastKnownFileType = sourcecode.cpp.cpp; path = PVRTDecompress.cpp; sourceTree = "<group>"; };
		1B6D42681377358E00B5EB55 /* PVRTDecompress.h */ = {isa = PBXFileReference; fileEncoding = 4; lastKnownFileType = sourcecode.c.h; path = PVRTDecompress.h; sourceTree = "<group>"; };
		1B6D42691377358E00B5EB55 /* PVRTError.cpp */ = {isa = PBXFileReference; fileEncoding = 4; lastKnownFileType = sourcecode.cpp.cpp; path = PVRTError.cpp; sourceTree = "<group>"; };
		1B6D426A1377358E00B5EB55 /* PVRTError.h */ = {isa = PBXFileReference; fileEncoding = 4; lastKnownFileType = sourcecode.c.h; path = PVRTError.h; sourceTree = "<group>"; };
		1B6D426B1377358E00B5EB55 /* PVRTFixedPoint.cpp */ = {isa = PBXFileReference; fileEncoding = 4; lastKnownFileType = sourcecode.cpp.cpp; path = PVRTFixedPoint.cpp; sourceTree = "<group>"; };
		1B6D426C1377358E00B5EB55 /* PVRTFixedPoint.h */ = {isa = PBXFileReference; fileEncoding = 4; lastKnownFileType = sourcecode.c.h; path = PVRTFixedPoint.h; sourceTree = "<group>"; };
		1B6D426D1377358E00B5EB55 /* PVRTGeometry.cpp */ = {isa = PBXFileReference; fileEncoding = 4; lastKnownFileType = sourcecode.cpp.cpp; path = PVRTGeometry.cpp; sourceTree = "<group>"; };
		1B6D426E1377358E00B5EB55 /* PVRTGeometry.h */ = {isa = PBXFileReference; fileEncoding = 4; lastKnownFileType = sourcecode.c.h; path = PVRTGeometry.h; sourceTree = "<group>"; };
		1B6D426F1377358E00B5EB55 /* PVRTGlobal.h */ = {isa = PBXFileReference; fileEncoding = 4; lastKnownFileType = sourcecode.c.h; path = PVRTGlobal.h; sourceTree = "<group>"; };
		1B6D42701377358E00B5EB55 /* PVRTMathTable.h */ = {isa = PBXFileReference; fileEncoding = 4; lastKnownFileType = sourcecode.c.h; path = PVRTMathTable.h; sourceTree = "<group>"; };
		1B6D42711377358E00B5EB55 /* PVRTMatrix.h */ = {isa = PBXFileReference; fileEncoding = 4; lastKnownFileType = sourcecode.c.h; path = PVRTMatrix.h; sourceTree = "<group>"; };
		1B6D42721377358E00B5EB55 /* PVRTMatrixF.cpp */ = {isa = PBXFileReference; fileEncoding = 4; lastKnownFileType = sourcecode.cpp.cpp; path = PVRTMatrixF.cpp; sourceTree = "<group>"; };
		1B6D42731377358E00B5EB55 /* PVRTMatrixX.cpp */ = {isa = PBXFileReference; fileEncoding = 4; lastKnownFileType = sourcecode.cpp.cpp; path = PVRTMatrixX.cpp; sourceTree = "<group>"; };
		1B6D42741377358E00B5EB55 /* PVRTMemoryFileSystem.h */ = {isa = PBXFileReference; fileEncoding = 4; lastKnownFileType = sourcecode.c.h; path = PVRTMemoryFileSystem.h; sourceTree = "<group>"; };
		1B6D42751377358E00B5EB55 /* PVRTMisc.cpp */ = {isa = PBXFileReference; fileEncoding = 4; lastKnownFileType = sourcecode.cpp.cpp; path = PVRTMisc.cpp; sourceTree = "<group>"; };
		1B6D42761377358E00B5EB55 /* PVRTMisc.h */ = {isa = PBXFileReference; fileEncoding = 4; lastKnownFileType = sourcecode.c.h; path = PVRTMisc.h; sourceTree = "<group>"; };
		1B6D42771377358E00B5EB55 /* PVRTModelPOD.cpp */ = {isa = PBXFileReference; fileEncoding = 4; lastKnownFileType = sourcecode.cpp.cpp; path = PVRTModelPOD.cpp; sourceTree = "<group>"; };
		1B6D42781377358E00B5EB55 /* PVRTModelPOD.h */ = {isa = PBXFileReference; fileEncoding = 4; lastKnownFileType = sourcecode.c.h; path = PVRTModelPOD.h; sourceTree = "<group>"; };
		1B6D42791377358E00B5EB55 /* PVRTQuaternion.h */ = {isa = PBXFileReference; fileEncoding = 4; lastKnownFileType = sourcecode.c.h; path = PVRTQuaternion.h; sourceTree = "<group>"; };
		1B6D427A1377358E00B5EB55 /* PVRTQuaternionF.cpp */ = {isa = PBXFileReference; fileEncoding = 4; lastKnownFileType = sourcecode.cpp.cpp; path = PVRTQuaternionF.cpp; sourceTree = "<group>"; };
		1B6D427B1377358E00B5EB55 /* PVRTQuaternionX.cpp */ = {isa = PBXFileReference; fileEncoding = 4; lastKnownFileType = sourcecode.cpp.cpp; path = PVRTQuaternionX.cpp; sourceTree = "<group>"; };
		1B6D427C1377358E00B5EB55 /* PVRTResourceFile.cpp */ = {isa = PBXFileReference; fileEncoding = 4; lastKnownFileType = sourcecode.cpp.cpp; path = PVRTResourceFile.cpp; sourceTree = "<group>"; };
		1B6D427D1377358E00B5EB55 /* PVRTResourceFile.h */ = {isa = PBXFileReference; fileEncoding = 4; lastKnownFileType = sourcecode.c.h; path = PVRTResourceFile.h; sourceTree = "<group>"; };
		1B6D427E1377358E00B5EB55 /* PVRTShadowVol.cpp */ = {isa = PBXFileReference; fileEncoding = 4; lastKnownFileType = sourcecode.cpp.cpp; path = PVRTShadowVol.cpp; sourceTree = "<group>"; };
		1B6D427F1377358E00B5EB55 /* PVRTShadowVol.h */ = {isa = PBXFileReference; fileEncoding = 4; lastKnownFileType = sourcecode.c.h; path = PVRTShadowVol.h; sourceTree = "<group>"; };
		1B6D42801377358E00B5EB55 /* PVRTSingleton.h */ = {isa = PBXFileReference; fileEncoding = 4; lastKnownFileType = sourcecode.c.h; path = PVRTSingleton.h; sourceTree = "<group>"; };
		1B6D42811377358E00B5EB55 /* PVRTString.cpp */ = {isa = PBXFileReference; fileEncoding = 4; lastKnownFileType = sourcecode.cpp.cpp; path = PVRTString.cpp; sourceTree = "<group>"; };
		1B6D42821377358E00B5EB55 /* PVRTString.h */ = {isa = PBXFileReference; fileEncoding = 4; lastKnownFileType = sourcecode.c.h; path = PVRTString.h; sourceTree = "<group>"; };
		1B6D42831377358E00B5EB55 /* PVRTTexture.cpp */ = {isa = PBXFileReference; fileEncoding = 4; lastKnownFileType = sourcecode.cpp.cpp; path = PVRTTexture.cpp; sourceTree = "<group>"; };
		1B6D42841377358E00B5EB55 /* PVRTTexture.h */ = {isa = PBXFileReference; fileEncoding = 4; lastKnownFileType = sourcecode.c.h; path = PVRTTexture.h; sourceTree = "<group>"; };
		1B6D42851377358E00B5EB55 /* PVRTTrans.cpp */ = {isa = PBXFileReference; fileEncoding = 4; lastKnownFileType = sourcecode.cpp.cpp; path = PVRTTrans.cpp; sourceTree = "<group>"; };
		1B6D42861377358E00B5EB55 /* PVRTTrans.h */ = {isa = PBXFileReference; fileEncoding = 4; lastKnownFileType = sourcecode.c.h; path = PVRTTrans.h; sourceTree = "<group>"; };
		1B6D42871377358E00B5EB55 /* PVRTTriStrip.cpp */ = {isa = PBXFileReference; fileEncoding = 4; lastKnownFileType = sourcecode.cpp.cpp; path = PVRTTriStrip.cpp; sourceTree = "<group>"; };
		1B6D42881377358E00B5EB55 /* PVRTTriStrip.h */ = {isa = PBXFileReference; fileEncoding = 4; lastKnownFileType = sourcecode.c.h; path = PVRTTriStrip.h; sourceTree = "<group>"; };
		1B6D42891377358E00B5EB55 /* PVRTVector.cpp */ = {isa = PBXFileReference; fileEncoding = 4; lastKnownFileType = sourcecode.cpp.cpp; path = PVRTVector.cpp; sourceTree = "<group>"; };
		1B6D428A1377358E00B5EB55 /* PVRTVector.h */ = {isa = PBXFileReference; fileEncoding = 4; lastKnownFileType = sourcecode.c.h; path = PVRTVector.h; sourceTree = "<group>"; };
		1B6D428B1377358E00B5EB55 /* PVRTVertex.cpp */ = {isa = PBXFileReference; fileEncoding = 4; lastKnownFileType = sourcecode.cpp.cpp; path = PVRTVertex.cpp; sourceTree = "<group>"; };
		1B6D428C1377358E00B5EB55 /* PVRTVertex.h */ = {isa = PBXFileReference; fileEncoding = 4; lastKnownFileType = sourcecode.c.h; path = PVRTVertex.h; sourceTree = "<group>"; };
		1B6D428E1377358E00B5EB55 /* CCNodeController.h */ = {isa = PBXFileReference; fileEncoding = 4; lastKnownFileType = sourcecode.c.h; path = CCNodeController.h; sourceTree = "<group>"; };
		1B6D428F1377358E00B5EB55 /* CCNodeController.m */ = {isa = PBXFileReference; fileEncoding = 4; lastKnownFileType = sourcecode.c.objc; path = CCNodeController.m; sourceTree = "<group>"; };
		1B6D42901377358E00B5EB55 /* ControllableCCLayer.h */ = {isa = PBXFileReference; fileEncoding = 4; lastKnownFileType = sourcecode.c.h; path = ControllableCCLayer.h; sourceTree = "<group>"; };
		1B6D42911377358E00B5EB55 /* ControllableCCLayer.m */ = {isa = PBXFileReference; fileEncoding = 4; lastKnownFileType = sourcecode.c.objc; path = ControllableCCLayer.m; sourceTree = "<group>"; };
		1B6D42931377358E00B5EB55 /* CC3ActionInterval.h */ = {isa = PBXFileReference; fileEncoding = 4; lastKnownFileType = sourcecode.c.h; path = CC3ActionInterval.h; sourceTree = "<group>"; };
		1B6D42941377358E00B5EB55 /* CC3ActionInterval.m */ = {isa = PBXFileReference; fileEncoding = 4; lastKnownFileType = sourcecode.c.objc; path = CC3ActionInterval.m; sourceTree = "<group>"; };
		1B6D42951377358E00B5EB55 /* CC3Billboard.h */ = {isa = PBXFileReference; fileEncoding = 4; lastKnownFileType = sourcecode.c.h; path = CC3Billboard.h; sourceTree = "<group>"; };
		1B6D42961377358E00B5EB55 /* CC3Billboard.m */ = {isa = PBXFileReference; fileEncoding = 4; lastKnownFileType = sourcecode.c.objc; path = CC3Billboard.m; sourceTree = "<group>"; };
		1B6D42971377358E00B5EB55 /* CC3BoundingVolumes.h */ = {isa = PBXFileReference; fileEncoding = 4; lastKnownFileType = sourcecode.c.h; path = CC3BoundingVolumes.h; sourceTree = "<group>"; };
		1B6D42981377358E00B5EB55 /* CC3BoundingVolumes.m */ = {isa = PBXFileReference; fileEncoding = 4; lastKnownFileType = sourcecode.c.objc; path = CC3BoundingVolumes.m; sourceTree = "<group>"; };
		1B6D42991377358E00B5EB55 /* CC3Camera.h */ = {isa = PBXFileReference; fileEncoding = 4; lastKnownFileType = sourcecode.c.h; path = CC3Camera.h; sourceTree = "<group>"; };
		1B6D429A1377358E00B5EB55 /* CC3Camera.m */ = {isa = PBXFileReference; fileEncoding = 4; lastKnownFileType = sourcecode.c.objc; path = CC3Camera.m; sourceTree = "<group>"; };
		1B6D429B1377358E00B5EB55 /* CC3Identifiable.h */ = {isa = PBXFileReference; fileEncoding = 4; lastKnownFileType = sourcecode.c.h; path = CC3Identifiable.h; sourceTree = "<group>"; };
		1B6D429C1377358E00B5EB55 /* CC3Identifiable.m */ = {isa = PBXFileReference; fileEncoding = 4; lastKnownFileType = sourcecode.c.objc; path = CC3Identifiable.m; sourceTree = "<group>"; };
		1B6D429D1377358E00B5EB55 /* CC3Layer.h */ = {isa = PBXFileReference; fileEncoding = 4; lastKnownFileType = sourcecode.c.h; path = CC3Layer.h; sourceTree = "<group>"; };
		1B6D429E1377358E00B5EB55 /* CC3Layer.m */ = {isa = PBXFileReference; fileEncoding = 4; lastKnownFileType = sourcecode.c.objc; path = CC3Layer.m; sourceTree = "<group>"; };
		1B6D429F1377358E00B5EB55 /* CC3Light.h */ = {isa = PBXFileReference; fileEncoding = 4; lastKnownFileType = sourcecode.c.h; path = CC3Light.h; sourceTree = "<group>"; };
		1B6D42A01377358E00B5EB55 /* CC3Light.m */ = {isa = PBXFileReference; fileEncoding = 4; lastKnownFileType = sourcecode.c.objc; path = CC3Light.m; sourceTree = "<group>"; };
		1B6D42A11377358E00B5EB55 /* CC3Material.h */ = {isa = PBXFileReference; fileEncoding = 4; lastKnownFileType = sourcecode.c.h; path = CC3Material.h; sourceTree = "<group>"; };
		1B6D42A21377358E00B5EB55 /* CC3Material.m */ = {isa = PBXFileReference; fileEncoding = 4; lastKnownFileType = sourcecode.c.objc; path = CC3Material.m; sourceTree = "<group>"; };
		1B6D42A31377358E00B5EB55 /* CC3MeshModel.h */ = {isa = PBXFileReference; fileEncoding = 4; lastKnownFileType = sourcecode.c.h; path = CC3MeshModel.h; sourceTree = "<group>"; };
		1B6D42A41377358E00B5EB55 /* CC3MeshModel.m */ = {isa = PBXFileReference; fileEncoding = 4; lastKnownFileType = sourcecode.c.objc; path = CC3MeshModel.m; sourceTree = "<group>"; };
		1B6D42A51377358E00B5EB55 /* CC3MeshNode.h */ = {isa = PBXFileReference; fileEncoding = 4; lastKnownFileType = sourcecode.c.h; path = CC3MeshNode.h; sourceTree = "<group>"; };
		1B6D42A61377358E00B5EB55 /* CC3MeshNode.m */ = {isa = PBXFileReference; fileEncoding = 4; lastKnownFileType = sourcecode.c.objc; path = CC3MeshNode.m; sourceTree = "<group>"; };
		1B6D42A71377358E00B5EB55 /* CC3Node.h */ = {isa = PBXFileReference; fileEncoding = 4; lastKnownFileType = sourcecode.c.h; path = CC3Node.h; sourceTree = "<group>"; };
		1B6D42A81377358E00B5EB55 /* CC3Node.m */ = {isa = PBXFileReference; fileEncoding = 4; lastKnownFileType = sourcecode.c.objc; path = CC3Node.m; sourceTree = "<group>"; };
		1B6D42A91377358E00B5EB55 /* CC3NodeAnimation.h */ = {isa = PBXFileReference; fileEncoding = 4; lastKnownFileType = sourcecode.c.h; path = CC3NodeAnimation.h; sourceTree = "<group>"; };
		1B6D42AA1377358E00B5EB55 /* CC3NodeAnimation.m */ = {isa = PBXFileReference; fileEncoding = 4; lastKnownFileType = sourcecode.c.objc; path = CC3NodeAnimation.m; sourceTree = "<group>"; };
		1B6D42AB1377358E00B5EB55 /* CC3NodeSequencer.h */ = {isa = PBXFileReference; fileEncoding = 4; lastKnownFileType = sourcecode.c.h; path = CC3NodeSequencer.h; sourceTree = "<group>"; };
		1B6D42AC1377358E00B5EB55 /* CC3NodeSequencer.m */ = {isa = PBXFileReference; fileEncoding = 4; lastKnownFileType = sourcecode.c.objc; path = CC3NodeSequencer.m; sourceTree = "<group>"; };
		1B6D42AD1377358E00B5EB55 /* CC3NodeVisitor.h */ = {isa = PBXFileReference; fileEncoding = 4; lastKnownFileType = sourcecode.c.h; path = CC3NodeVisitor.h; sourceTree = "<group>"; };
		1B6D42AE1377358E00B5EB55 /* CC3NodeVisitor.m */ = {isa = PBXFileReference; fileEncoding = 4; lastKnownFileType = sourcecode.c.objc; path = CC3NodeVisitor.m; sourceTree = "<group>"; };
		1B6D42AF1377358E00B5EB55 /* CC3PerformanceStatistics.h */ = {isa = PBXFileReference; fileEncoding = 4; lastKnownFileType = sourcecode.c.h; path = CC3PerformanceStatistics.h; sourceTree = "<group>"; };
		1B6D42B01377358E00B5EB55 /* CC3PerformanceStatistics.m */ = {isa = PBXFileReference; fileEncoding = 4; lastKnownFileType = sourcecode.c.objc; path = CC3PerformanceStatistics.m; sourceTree = "<group>"; };
		1B6D42B11377358E00B5EB55 /* CC3Resource.h */ = {isa = PBXFileReference; fileEncoding = 4; lastKnownFileType = sourcecode.c.h; path = CC3Resource.h; sourceTree = "<group>"; };
		1B6D42B21377358E00B5EB55 /* CC3Resource.m */ = {isa = PBXFileReference; fileEncoding = 4; lastKnownFileType = sourcecode.c.objc; path = CC3Resource.m; sourceTree = "<group>"; };
		1B6D42B31377358E00B5EB55 /* CC3ResourceNode.h */ = {isa = PBXFileReference; fileEncoding = 4; lastKnownFileType = sourcecode.c.h; path = CC3ResourceNode.h; sourceTree = "<group>"; };
		1B6D42B41377358E00B5EB55 /* CC3ResourceNode.m */ = {isa = PBXFileReference; fileEncoding = 4; lastKnownFileType = sourcecode.c.objc; path = CC3ResourceNode.m; sourceTree = "<group>"; };
		1B6D42B51377358E00B5EB55 /* CC3TargettingNode.h */ = {isa = PBXFileReference; fileEncoding = 4; lastKnownFileType = sourcecode.c.h; path = CC3TargettingNode.h; sourceTree = "<group>"; };
		1B6D42B61377358E00B5EB55 /* CC3TargettingNode.m */ = {isa = PBXFileReference; fileEncoding = 4; lastKnownFileType = sourcecode.c.objc; path = CC3TargettingNode.m; sourceTree = "<group>"; };
		1B6D42B71377358E00B5EB55 /* CC3Texture.h */ = {isa = PBXFileReference; fileEncoding = 4; lastKnownFileType = sourcecode.c.h; path = CC3Texture.h; sourceTree = "<group>"; };
		1B6D42B81377358E00B5EB55 /* CC3Texture.m */ = {isa = PBXFileReference; fileEncoding = 4; lastKnownFileType = sourcecode.c.objc; path = CC3Texture.m; sourceTree = "<group>"; };
		1B6D42B91377358E00B5EB55 /* CC3VertexArrayMeshModel.h */ = {isa = PBXFileReference; fileEncoding = 4; lastKnownFileType = sourcecode.c.h; path = CC3VertexArrayMeshModel.h; sourceTree = "<group>"; };
		1B6D42BA1377358E00B5EB55 /* CC3VertexArrayMeshModel.m */ = {isa = PBXFileReference; fileEncoding = 4; lastKnownFileType = sourcecode.c.objc; path = CC3VertexArrayMeshModel.m; sourceTree = "<group>"; };
		1B6D42BB1377358E00B5EB55 /* CC3VertexArrays.h */ = {isa = PBXFileReference; fileEncoding = 4; lastKnownFileType = sourcecode.c.h; path = CC3VertexArrays.h; sourceTree = "<group>"; };
		1B6D42BC1377358E00B5EB55 /* CC3VertexArrays.m */ = {isa = PBXFileReference; fileEncoding = 4; lastKnownFileType = sourcecode.c.objc; path = CC3VertexArrays.m; sourceTree = "<group>"; };
		1B6D42BD1377358E00B5EB55 /* CC3World.h */ = {isa = PBXFileReference; fileEncoding = 4; lastKnownFileType = sourcecode.c.h; path = CC3World.h; sourceTree = "<group>"; };
		1B6D42BE1377358E00B5EB55 /* CC3World.m */ = {isa = PBXFileReference; fileEncoding = 4; lastKnownFileType = sourcecode.c.objc; path = CC3World.m; sourceTree = "<group>"; };
		1B6D42C01377358E00B5EB55 /* CC3OpenGLES11Capabilities.h */ = {isa = PBXFileReference; fileEncoding = 4; lastKnownFileType = sourcecode.c.h; path = CC3OpenGLES11Capabilities.h; sourceTree = "<group>"; };
		1B6D42C11377358E00B5EB55 /* CC3OpenGLES11Capabilities.m */ = {isa = PBXFileReference; fileEncoding = 4; lastKnownFileType = sourcecode.c.objc; path = CC3OpenGLES11Capabilities.m; sourceTree = "<group>"; };
		1B6D42C21377358E00B5EB55 /* CC3OpenGLES11Engine.h */ = {isa = PBXFileReference; fileEncoding = 4; lastKnownFileType = sourcecode.c.h; path = CC3OpenGLES11Engine.h; sourceTree = "<group>"; };
		1B6D42C31377358E00B5EB55 /* CC3OpenGLES11Engine.m */ = {isa = PBXFileReference; fileEncoding = 4; lastKnownFileType = sourcecode.c.objc; path = CC3OpenGLES11Engine.m; sourceTree = "<group>"; };
		1B6D42C41377358E00B5EB55 /* CC3OpenGLES11Foundation.h */ = {isa = PBXFileReference; fileEncoding = 4; lastKnownFileType = sourcecode.c.h; path = CC3OpenGLES11Foundation.h; sourceTree = "<group>"; };
		1B6D42C51377358E00B5EB55 /* CC3OpenGLES11Foundation.m */ = {isa = PBXFileReference; fileEncoding = 4; lastKnownFileType = sourcecode.c.objc; path = CC3OpenGLES11Foundation.m; sourceTree = "<group>"; };
		1B6D42C61377358E00B5EB55 /* CC3OpenGLES11Intercept.c */ = {isa = PBXFileReference; fileEncoding = 4; lastKnownFileType = sourcecode.c.c; path = CC3OpenGLES11Intercept.c; sourceTree = "<group>"; };
		1B6D42C71377358E00B5EB55 /* CC3OpenGLES11Intercept.h */ = {isa = PBXFileReference; fileEncoding = 4; lastKnownFileType = sourcecode.c.h; path = CC3OpenGLES11Intercept.h; sourceTree = "<group>"; };
		1B6D42C81377358E00B5EB55 /* CC3OpenGLES11Lighting.h */ = {isa = PBXFileReference; fileEncoding = 4; lastKnownFileType = sourcecode.c.h; path = CC3OpenGLES11Lighting.h; sourceTree = "<group>"; };
		1B6D42C91377358E00B5EB55 /* CC3OpenGLES11Lighting.m */ = {isa = PBXFileReference; fileEncoding = 4; lastKnownFileType = sourcecode.c.objc; path = CC3OpenGLES11Lighting.m; sourceTree = "<group>"; };
		1B6D42CA1377358E00B5EB55 /* CC3OpenGLES11Materials.h */ = {isa = PBXFileReference; fileEncoding = 4; lastKnownFileType = sourcecode.c.h; path = CC3OpenGLES11Materials.h; sourceTree = "<group>"; };
		1B6D42CB1377358E00B5EB55 /* CC3OpenGLES11Materials.m */ = {isa = PBXFileReference; fileEncoding = 4; lastKnownFileType = sourcecode.c.objc; path = CC3OpenGLES11Materials.m; sourceTree = "<group>"; };
		1B6D42CC1377358E00B5EB55 /* CC3OpenGLES11Matrices.h */ = {isa = PBXFileReference; fileEncoding = 4; lastKnownFileType = sourcecode.c.h; path = CC3OpenGLES11Matrices.h; sourceTree = "<group>"; };
		1B6D42CD1377358E00B5EB55 /* CC3OpenGLES11Matrices.m */ = {isa = PBXFileReference; fileEncoding = 4; lastKnownFileType = sourcecode.c.objc; path = CC3OpenGLES11Matrices.m; sourceTree = "<group>"; };
		1B6D42CE1377358E00B5EB55 /* CC3OpenGLES11Platform.h */ = {isa = PBXFileReference; fileEncoding = 4; lastKnownFileType = sourcecode.c.h; path = CC3OpenGLES11Platform.h; sourceTree = "<group>"; };
		1B6D42CF1377358E00B5EB55 /* CC3OpenGLES11Platform.m */ = {isa = PBXFileReference; fileEncoding = 4; lastKnownFileType = sourcecode.c.objc; path = CC3OpenGLES11Platform.m; sourceTree = "<group>"; };
		1B6D42D01377358E00B5EB55 /* CC3OpenGLES11State.h */ = {isa = PBXFileReference; fileEncoding = 4; lastKnownFileType = sourcecode.c.h; path = CC3OpenGLES11State.h; sourceTree = "<group>"; };
		1B6D42D11377358E00B5EB55 /* CC3OpenGLES11State.m */ = {isa = PBXFileReference; fileEncoding = 4; lastKnownFileType = sourcecode.c.objc; path = CC3OpenGLES11State.m; sourceTree = "<group>"; };
		1B6D42D21377358E00B5EB55 /* CC3OpenGLES11StateTracker.h */ = {isa = PBXFileReference; fileEncoding = 4; lastKnownFileType = sourcecode.c.h; path = CC3OpenGLES11StateTracker.h; sourceTree = "<group>"; };
		1B6D42D31377358E00B5EB55 /* CC3OpenGLES11StateTracker.m */ = {isa = PBXFileReference; fileEncoding = 4; lastKnownFileType = sourcecode.c.objc; path = CC3OpenGLES11StateTracker.m; sourceTree = "<group>"; };
		1B6D42D41377358E00B5EB55 /* CC3OpenGLES11Textures.h */ = {isa = PBXFileReference; fileEncoding = 4; lastKnownFileType = sourcecode.c.h; path = CC3OpenGLES11Textures.h; sourceTree = "<group>"; };
		1B6D42D51377358E00B5EB55 /* CC3OpenGLES11Textures.m */ = {isa = PBXFileReference; fileEncoding = 4; lastKnownFileType = sourcecode.c.objc; path = CC3OpenGLES11Textures.m; sourceTree = "<group>"; };
		1B6D42D61377358E00B5EB55 /* CC3OpenGLES11Utility.c */ = {isa = PBXFileReference; fileEncoding = 4; lastKnownFileType = sourcecode.c.c; path = CC3OpenGLES11Utility.c; sourceTree = "<group>"; };
		1B6D42D71377358E00B5EB55 /* CC3OpenGLES11Utility.h */ = {isa = PBXFileReference; fileEncoding = 4; lastKnownFileType = sourcecode.c.h; path = CC3OpenGLES11Utility.h; sourceTree = "<group>"; };
		1B6D42D81377358E00B5EB55 /* CC3OpenGLES11VertexArrays.h */ = {isa = PBXFileReference; fileEncoding = 4; lastKnownFileType = sourcecode.c.h; path = CC3OpenGLES11VertexArrays.h; sourceTree = "<group>"; };
		1B6D42D91377358E00B5EB55 /* CC3OpenGLES11VertexArrays.m */ = {isa = PBXFileReference; fileEncoding = 4; lastKnownFileType = sourcecode.c.objc; path = CC3OpenGLES11VertexArrays.m; sourceTree = "<group>"; };
		1B6D42DB1377358E00B5EB55 /* CC3Foundation.h */ = {isa = PBXFileReference; fileEncoding = 4; lastKnownFileType = sourcecode.c.h; path = CC3Foundation.h; sourceTree = "<group>"; };
		1B6D42DC1377358E00B5EB55 /* CC3Foundation.m */ = {isa = PBXFileReference; fileEncoding = 4; lastKnownFileType = sourcecode.c.objc; path = CC3Foundation.m; sourceTree = "<group>"; };
		1B6D42DD1377358E00B5EB55 /* CC3GLMatrix.h */ = {isa = PBXFileReference; fileEncoding = 4; lastKnownFileType = sourcecode.c.h; path = CC3GLMatrix.h; sourceTree = "<group>"; };
		1B6D42DE1377358E00B5EB55 /* CC3GLMatrix.m */ = {isa = PBXFileReference; fileEncoding = 4; lastKnownFileType = sourcecode.c.objc; path = CC3GLMatrix.m; sourceTree = "<group>"; };
		1B6D42DF1377358E00B5EB55 /* CC3Kazmath.c */ = {isa = PBXFileReference; fileEncoding = 4; lastKnownFileType = sourcecode.c.c; path = CC3Kazmath.c; sourceTree = "<group>"; };
		1B6D42E01377358E00B5EB55 /* CC3Kazmath.h */ = {isa = PBXFileReference; fileEncoding = 4; lastKnownFileType = sourcecode.c.h; path = CC3Kazmath.h; sourceTree = "<group>"; };
		1B6D42E11377358E00B5EB55 /* CC3Logging.h */ = {isa = PBXFileReference; fileEncoding = 4; lastKnownFileType = sourcecode.c.h; path = CC3Logging.h; sourceTree = "<group>"; };
		1B6D42E21377358E00B5EB55 /* CC3Math.h */ = {isa = PBXFileReference; fileEncoding = 4; lastKnownFileType = sourcecode.c.h; path = CC3Math.h; sourceTree = "<group>"; };
		1B6D42E31377358E00B5EB55 /* CC3Math.m */ = {isa = PBXFileReference; fileEncoding = 4; lastKnownFileType = sourcecode.c.objc; path = CC3Math.m; sourceTree = "<group>"; };
/* End PBXFileReference section */

/* Begin PBXFrameworksBuildPhase section */
		1B6D422C1377354600B5EB55 /* Frameworks */ = {
			isa = PBXFrameworksBuildPhase;
			buildActionMask = 2147483647;
			files = (
				1B6D42331377354600B5EB55 /* Foundation.framework in Frameworks */,
			);
			runOnlyForDeploymentPostprocessing = 0;
		};
/* End PBXFrameworksBuildPhase section */

/* Begin PBXGroup section */
		1B6D42241377354600B5EB55 = {
			isa = PBXGroup;
			children = (
				1B6D42341377354600B5EB55 /* cocos3D */,
				1B6D42311377354600B5EB55 /* Frameworks */,
				1B6D42301377354600B5EB55 /* Products */,
			);
			sourceTree = "<group>";
		};
		1B6D42301377354600B5EB55 /* Products */ = {
			isa = PBXGroup;
			children = (
				1B6D422F1377354600B5EB55 /* libcocos3D.a */,
			);
			name = Products;
			sourceTree = "<group>";
		};
		1B6D42311377354600B5EB55 /* Frameworks */ = {
			isa = PBXGroup;
			children = (
				1B6D42321377354600B5EB55 /* Foundation.framework */,
			);
			name = Frameworks;
			sourceTree = "<group>";
		};
		1B6D42341377354600B5EB55 /* cocos3D */ = {
			isa = PBXGroup;
			children = (
				1B6D423C1377358E00B5EB55 /* cc3Extras */,
				1B6D42401377358E00B5EB55 /* cc3PVR */,
				1B6D428D1377358E00B5EB55 /* CCNodeController */,
				1B6D42921377358E00B5EB55 /* cocos3d */,
				1B6D42351377354600B5EB55 /* Supporting Files */,
			);
			path = cocos3D;
			sourceTree = "<group>";
		};
		1B6D42351377354600B5EB55 /* Supporting Files */ = {
			isa = PBXGroup;
			children = (
				1B6D42361377354600B5EB55 /* cocos3D-Prefix.pch */,
			);
			name = "Supporting Files";
			sourceTree = "<group>";
		};
		1B6D423C1377358E00B5EB55 /* cc3Extras */ = {
			isa = PBXGroup;
			children = (
				1B6D423D1377358E00B5EB55 /* CC3ModelSampleFactory.h */,
				1B6D423E1377358E00B5EB55 /* CC3ModelSampleFactory.m */,
				1B6D423F1377358E00B5EB55 /* teapot.h */,
			);
			name = cc3Extras;
			path = cocos3d/cocos3d/cc3Extras;
			sourceTree = "<group>";
		};
		1B6D42401377358E00B5EB55 /* cc3PVR */ = {
			isa = PBXGroup;
			children = (
				1B6D42411377358E00B5EB55 /* CC3IdentifiablePODExtensions.h */,
				1B6D42421377358E00B5EB55 /* CC3IdentifiablePODExtensions.m */,
				1B6D42431377358E00B5EB55 /* CC3NodePODExtensions.h */,
				1B6D42441377358E00B5EB55 /* CC3NodePODExtensions.mm */,
				1B6D42451377358E00B5EB55 /* CC3PODCamera.h */,
				1B6D42461377358E00B5EB55 /* CC3PODCamera.mm */,
				1B6D42471377358E00B5EB55 /* CC3PODLight.h */,
				1B6D42481377358E00B5EB55 /* CC3PODLight.mm */,
				1B6D42491377358E00B5EB55 /* CC3PODMaterial.h */,
				1B6D424A1377358E00B5EB55 /* CC3PODMaterial.mm */,
				1B6D424B1377358E00B5EB55 /* CC3PODMeshModel.h */,
				1B6D424C1377358E00B5EB55 /* CC3PODMeshModel.mm */,
				1B6D424D1377358E00B5EB55 /* CC3PODMeshNode.h */,
				1B6D424E1377358E00B5EB55 /* CC3PODMeshNode.mm */,
				1B6D424F1377358E00B5EB55 /* CC3PODNode.h */,
				1B6D42501377358E00B5EB55 /* CC3PODNode.m */,
				1B6D42511377358E00B5EB55 /* CC3PODResource.h */,
				1B6D42521377358E00B5EB55 /* CC3PODResource.mm */,
				1B6D42531377358E00B5EB55 /* CC3PODResourceNode.h */,
				1B6D42541377358E00B5EB55 /* CC3PODResourceNode.m */,
				1B6D42551377358E00B5EB55 /* CC3PVRFoundation.h */,
				1B6D42561377358E00B5EB55 /* CC3PVRFoundation.mm */,
				1B6D42571377358E00B5EB55 /* CC3PVRTModelPOD.h */,
				1B6D42581377358E00B5EB55 /* CC3VertexArraysPODExtensions.h */,
				1B6D42591377358E00B5EB55 /* CC3VertexArraysPODExtensions.mm */,
				1B6D425A1377358E00B5EB55 /* PVRT 2.07 */,
			);
			name = cc3PVR;
			path = cocos3d/cocos3d/cc3PVR;
			sourceTree = "<group>";
		};
		1B6D425A1377358E00B5EB55 /* PVRT 2.07 */ = {
			isa = PBXGroup;
			children = (
				1B6D425B1377358E00B5EB55 /* OGLES */,
				1B6D42631377358E00B5EB55 /* PVRT_Removed_Files.txt */,
				1B6D42641377358E00B5EB55 /* PVRTBackground.h */,
				1B6D42651377358E00B5EB55 /* PVRTBoneBatch.cpp */,
				1B6D42661377358E00B5EB55 /* PVRTBoneBatch.h */,
				1B6D42671377358E00B5EB55 /* PVRTDecompress.cpp */,
				1B6D42681377358E00B5EB55 /* PVRTDecompress.h */,
				1B6D42691377358E00B5EB55 /* PVRTError.cpp */,
				1B6D426A1377358E00B5EB55 /* PVRTError.h */,
				1B6D426B1377358E00B5EB55 /* PVRTFixedPoint.cpp */,
				1B6D426C1377358E00B5EB55 /* PVRTFixedPoint.h */,
				1B6D426D1377358E00B5EB55 /* PVRTGeometry.cpp */,
				1B6D426E1377358E00B5EB55 /* PVRTGeometry.h */,
				1B6D426F1377358E00B5EB55 /* PVRTGlobal.h */,
				1B6D42701377358E00B5EB55 /* PVRTMathTable.h */,
				1B6D42711377358E00B5EB55 /* PVRTMatrix.h */,
				1B6D42721377358E00B5EB55 /* PVRTMatrixF.cpp */,
				1B6D42731377358E00B5EB55 /* PVRTMatrixX.cpp */,
				1B6D42741377358E00B5EB55 /* PVRTMemoryFileSystem.h */,
				1B6D42751377358E00B5EB55 /* PVRTMisc.cpp */,
				1B6D42761377358E00B5EB55 /* PVRTMisc.h */,
				1B6D42771377358E00B5EB55 /* PVRTModelPOD.cpp */,
				1B6D42781377358E00B5EB55 /* PVRTModelPOD.h */,
				1B6D42791377358E00B5EB55 /* PVRTQuaternion.h */,
				1B6D427A1377358E00B5EB55 /* PVRTQuaternionF.cpp */,
				1B6D427B1377358E00B5EB55 /* PVRTQuaternionX.cpp */,
				1B6D427C1377358E00B5EB55 /* PVRTResourceFile.cpp */,
				1B6D427D1377358E00B5EB55 /* PVRTResourceFile.h */,
				1B6D427E1377358E00B5EB55 /* PVRTShadowVol.cpp */,
				1B6D427F1377358E00B5EB55 /* PVRTShadowVol.h */,
				1B6D42801377358E00B5EB55 /* PVRTSingleton.h */,
				1B6D42811377358E00B5EB55 /* PVRTString.cpp */,
				1B6D42821377358E00B5EB55 /* PVRTString.h */,
				1B6D42831377358E00B5EB55 /* PVRTTexture.cpp */,
				1B6D42841377358E00B5EB55 /* PVRTTexture.h */,
				1B6D42851377358E00B5EB55 /* PVRTTrans.cpp */,
				1B6D42861377358E00B5EB55 /* PVRTTrans.h */,
				1B6D42871377358E00B5EB55 /* PVRTTriStrip.cpp */,
				1B6D42881377358E00B5EB55 /* PVRTTriStrip.h */,
				1B6D42891377358E00B5EB55 /* PVRTVector.cpp */,
				1B6D428A1377358E00B5EB55 /* PVRTVector.h */,
				1B6D428B1377358E00B5EB55 /* PVRTVertex.cpp */,
				1B6D428C1377358E00B5EB55 /* PVRTVertex.h */,
			);
			path = "PVRT 2.07";
			sourceTree = "<group>";
		};
		1B6D425B1377358E00B5EB55 /* OGLES */ = {
			isa = PBXGroup;
			children = (
				1B6D425C1377358E00B5EB55 /* PVRTBackground.cpp */,
				1B6D425D1377358E00B5EB55 /* PVRTContext.h */,
				1B6D425E1377358E00B5EB55 /* PVRTFixedPointAPI.h */,
				1B6D425F1377358E00B5EB55 /* PVRTglesExt.cpp */,
				1B6D42601377358E00B5EB55 /* PVRTglesExt.h */,
				1B6D42611377358E00B5EB55 /* PVRTTextureAPI.cpp */,
				1B6D42621377358E00B5EB55 /* PVRTTextureAPI.h */,
			);
			path = OGLES;
			sourceTree = "<group>";
		};
		1B6D428D1377358E00B5EB55 /* CCNodeController */ = {
			isa = PBXGroup;
			children = (
				1B6D428E1377358E00B5EB55 /* CCNodeController.h */,
				1B6D428F1377358E00B5EB55 /* CCNodeController.m */,
				1B6D42901377358E00B5EB55 /* ControllableCCLayer.h */,
				1B6D42911377358E00B5EB55 /* ControllableCCLayer.m */,
			);
			name = CCNodeController;
			path = cocos3d/cocos3d/CCNodeController;
			sourceTree = "<group>";
		};
		1B6D42921377358E00B5EB55 /* cocos3d */ = {
			isa = PBXGroup;
			children = (
				1B6D42931377358E00B5EB55 /* CC3ActionInterval.h */,
				1B6D42941377358E00B5EB55 /* CC3ActionInterval.m */,
				1B6D42951377358E00B5EB55 /* CC3Billboard.h */,
				1B6D42961377358E00B5EB55 /* CC3Billboard.m */,
				1B6D42971377358E00B5EB55 /* CC3BoundingVolumes.h */,
				1B6D42981377358E00B5EB55 /* CC3BoundingVolumes.m */,
				1B6D42991377358E00B5EB55 /* CC3Camera.h */,
				1B6D429A1377358E00B5EB55 /* CC3Camera.m */,
				1B6D429B1377358E00B5EB55 /* CC3Identifiable.h */,
				1B6D429C1377358E00B5EB55 /* CC3Identifiable.m */,
				1B6D429D1377358E00B5EB55 /* CC3Layer.h */,
				1B6D429E1377358E00B5EB55 /* CC3Layer.m */,
				1B6D429F1377358E00B5EB55 /* CC3Light.h */,
				1B6D42A01377358E00B5EB55 /* CC3Light.m */,
				1B6D42A11377358E00B5EB55 /* CC3Material.h */,
				1B6D42A21377358E00B5EB55 /* CC3Material.m */,
				1B6D42A31377358E00B5EB55 /* CC3MeshModel.h */,
				1B6D42A41377358E00B5EB55 /* CC3MeshModel.m */,
				1B6D42A51377358E00B5EB55 /* CC3MeshNode.h */,
				1B6D42A61377358E00B5EB55 /* CC3MeshNode.m */,
				1B6D42A71377358E00B5EB55 /* CC3Node.h */,
				1B6D42A81377358E00B5EB55 /* CC3Node.m */,
				1B6D42A91377358E00B5EB55 /* CC3NodeAnimation.h */,
				1B6D42AA1377358E00B5EB55 /* CC3NodeAnimation.m */,
				1B6D42AB1377358E00B5EB55 /* CC3NodeSequencer.h */,
				1B6D42AC1377358E00B5EB55 /* CC3NodeSequencer.m */,
				1B6D42AD1377358E00B5EB55 /* CC3NodeVisitor.h */,
				1B6D42AE1377358E00B5EB55 /* CC3NodeVisitor.m */,
				1B6D42AF1377358E00B5EB55 /* CC3PerformanceStatistics.h */,
				1B6D42B01377358E00B5EB55 /* CC3PerformanceStatistics.m */,
				1B6D42B11377358E00B5EB55 /* CC3Resource.h */,
				1B6D42B21377358E00B5EB55 /* CC3Resource.m */,
				1B6D42B31377358E00B5EB55 /* CC3ResourceNode.h */,
				1B6D42B41377358E00B5EB55 /* CC3ResourceNode.m */,
				1B6D42B51377358E00B5EB55 /* CC3TargettingNode.h */,
				1B6D42B61377358E00B5EB55 /* CC3TargettingNode.m */,
				1B6D42B71377358E00B5EB55 /* CC3Texture.h */,
				1B6D42B81377358E00B5EB55 /* CC3Texture.m */,
				1B6D42B91377358E00B5EB55 /* CC3VertexArrayMeshModel.h */,
				1B6D42BA1377358E00B5EB55 /* CC3VertexArrayMeshModel.m */,
				1B6D42BB1377358E00B5EB55 /* CC3VertexArrays.h */,
				1B6D42BC1377358E00B5EB55 /* CC3VertexArrays.m */,
				1B6D42BD1377358E00B5EB55 /* CC3World.h */,
				1B6D42BE1377358E00B5EB55 /* CC3World.m */,
				1B6D42BF1377358E00B5EB55 /* OpenGLES11 */,
				1B6D42DA1377358E00B5EB55 /* Utility */,
			);
			name = cocos3d;
			path = cocos3d/cocos3d/cocos3d;
			sourceTree = "<group>";
		};
		1B6D42BF1377358E00B5EB55 /* OpenGLES11 */ = {
			isa = PBXGroup;
			children = (
				1B6D42C01377358E00B5EB55 /* CC3OpenGLES11Capabilities.h */,
				1B6D42C11377358E00B5EB55 /* CC3OpenGLES11Capabilities.m */,
				1B6D42C21377358E00B5EB55 /* CC3OpenGLES11Engine.h */,
				1B6D42C31377358E00B5EB55 /* CC3OpenGLES11Engine.m */,
				1B6D42C41377358E00B5EB55 /* CC3OpenGLES11Foundation.h */,
				1B6D42C51377358E00B5EB55 /* CC3OpenGLES11Foundation.m */,
				1B6D42C61377358E00B5EB55 /* CC3OpenGLES11Intercept.c */,
				1B6D42C71377358E00B5EB55 /* CC3OpenGLES11Intercept.h */,
				1B6D42C81377358E00B5EB55 /* CC3OpenGLES11Lighting.h */,
				1B6D42C91377358E00B5EB55 /* CC3OpenGLES11Lighting.m */,
				1B6D42CA1377358E00B5EB55 /* CC3OpenGLES11Materials.h */,
				1B6D42CB1377358E00B5EB55 /* CC3OpenGLES11Materials.m */,
				1B6D42CC1377358E00B5EB55 /* CC3OpenGLES11Matrices.h */,
				1B6D42CD1377358E00B5EB55 /* CC3OpenGLES11Matrices.m */,
				1B6D42CE1377358E00B5EB55 /* CC3OpenGLES11Platform.h */,
				1B6D42CF1377358E00B5EB55 /* CC3OpenGLES11Platform.m */,
				1B6D42D01377358E00B5EB55 /* CC3OpenGLES11State.h */,
				1B6D42D11377358E00B5EB55 /* CC3OpenGLES11State.m */,
				1B6D42D21377358E00B5EB55 /* CC3OpenGLES11StateTracker.h */,
				1B6D42D31377358E00B5EB55 /* CC3OpenGLES11StateTracker.m */,
				1B6D42D41377358E00B5EB55 /* CC3OpenGLES11Textures.h */,
				1B6D42D51377358E00B5EB55 /* CC3OpenGLES11Textures.m */,
				1B6D42D61377358E00B5EB55 /* CC3OpenGLES11Utility.c */,
				1B6D42D71377358E00B5EB55 /* CC3OpenGLES11Utility.h */,
				1B6D42D81377358E00B5EB55 /* CC3OpenGLES11VertexArrays.h */,
				1B6D42D91377358E00B5EB55 /* CC3OpenGLES11VertexArrays.m */,
			);
			path = OpenGLES11;
			sourceTree = "<group>";
		};
		1B6D42DA1377358E00B5EB55 /* Utility */ = {
			isa = PBXGroup;
			children = (
				1B6D42DB1377358E00B5EB55 /* CC3Foundation.h */,
				1B6D42DC1377358E00B5EB55 /* CC3Foundation.m */,
				1B6D42DD1377358E00B5EB55 /* CC3GLMatrix.h */,
				1B6D42DE1377358E00B5EB55 /* CC3GLMatrix.m */,
				1B6D42DF1377358E00B5EB55 /* CC3Kazmath.c */,
				1B6D42E01377358E00B5EB55 /* CC3Kazmath.h */,
				1B6D42E11377358E00B5EB55 /* CC3Logging.h */,
				1B6D42E21377358E00B5EB55 /* CC3Math.h */,
				1B6D42E31377358E00B5EB55 /* CC3Math.m */,
			);
			path = Utility;
			sourceTree = "<group>";
		};
/* End PBXGroup section */

/* Begin PBXHeadersBuildPhase section */
		1B6D422D1377354600B5EB55 /* Headers */ = {
			isa = PBXHeadersBuildPhase;
			buildActionMask = 2147483647;
			files = (
				1B6D42E41377358F00B5EB55 /* CC3ModelSampleFactory.h in Headers */,
				1B6D42E61377358F00B5EB55 /* teapot.h in Headers */,
				1B6D42E71377358F00B5EB55 /* CC3IdentifiablePODExtensions.h in Headers */,
				1B6D42E91377358F00B5EB55 /* CC3NodePODExtensions.h in Headers */,
				1B6D42EB1377358F00B5EB55 /* CC3PODCamera.h in Headers */,
				1B6D42ED1377358F00B5EB55 /* CC3PODLight.h in Headers */,
				1B6D42EF1377358F00B5EB55 /* CC3PODMaterial.h in Headers */,
				1B6D42F11377358F00B5EB55 /* CC3PODMeshModel.h in Headers */,
				1B6D42F31377358F00B5EB55 /* CC3PODMeshNode.h in Headers */,
				1B6D42F51377358F00B5EB55 /* CC3PODNode.h in Headers */,
				1B6D42F71377358F00B5EB55 /* CC3PODResource.h in Headers */,
				1B6D42F91377358F00B5EB55 /* CC3PODResourceNode.h in Headers */,
				1B6D42FB1377358F00B5EB55 /* CC3PVRFoundation.h in Headers */,
				1B6D42FD1377358F00B5EB55 /* CC3PVRTModelPOD.h in Headers */,
				1B6D42FE1377358F00B5EB55 /* CC3VertexArraysPODExtensions.h in Headers */,
				1B6D43011377358F00B5EB55 /* PVRTContext.h in Headers */,
				1B6D43021377358F00B5EB55 /* PVRTFixedPointAPI.h in Headers */,
				1B6D43041377358F00B5EB55 /* PVRTglesExt.h in Headers */,
				1B6D43061377358F00B5EB55 /* PVRTTextureAPI.h in Headers */,
				1B6D43071377358F00B5EB55 /* PVRTBackground.h in Headers */,
				1B6D43091377358F00B5EB55 /* PVRTBoneBatch.h in Headers */,
				1B6D430B1377358F00B5EB55 /* PVRTDecompress.h in Headers */,
				1B6D430D1377358F00B5EB55 /* PVRTError.h in Headers */,
				1B6D430F1377358F00B5EB55 /* PVRTFixedPoint.h in Headers */,
				1B6D43111377358F00B5EB55 /* PVRTGeometry.h in Headers */,
				1B6D43121377358F00B5EB55 /* PVRTGlobal.h in Headers */,
				1B6D43131377358F00B5EB55 /* PVRTMathTable.h in Headers */,
				1B6D43141377358F00B5EB55 /* PVRTMatrix.h in Headers */,
				1B6D43171377358F00B5EB55 /* PVRTMemoryFileSystem.h in Headers */,
				1B6D43191377358F00B5EB55 /* PVRTMisc.h in Headers */,
				1B6D431B1377358F00B5EB55 /* PVRTModelPOD.h in Headers */,
				1B6D431C1377358F00B5EB55 /* PVRTQuaternion.h in Headers */,
				1B6D43201377358F00B5EB55 /* PVRTResourceFile.h in Headers */,
				1B6D43221377358F00B5EB55 /* PVRTShadowVol.h in Headers */,
				1B6D43231377358F00B5EB55 /* PVRTSingleton.h in Headers */,
				1B6D43251377358F00B5EB55 /* PVRTString.h in Headers */,
				1B6D43271377358F00B5EB55 /* PVRTTexture.h in Headers */,
				1B6D43291377358F00B5EB55 /* PVRTTrans.h in Headers */,
				1B6D432B1377358F00B5EB55 /* PVRTTriStrip.h in Headers */,
				1B6D432D1377358F00B5EB55 /* PVRTVector.h in Headers */,
				1B6D432F1377358F00B5EB55 /* PVRTVertex.h in Headers */,
				1B6D43301377358F00B5EB55 /* CCNodeController.h in Headers */,
				1B6D43321377358F00B5EB55 /* ControllableCCLayer.h in Headers */,
				1B6D43341377358F00B5EB55 /* CC3ActionInterval.h in Headers */,
				1B6D43361377358F00B5EB55 /* CC3Billboard.h in Headers */,
				1B6D43381377358F00B5EB55 /* CC3BoundingVolumes.h in Headers */,
				1B6D433A1377358F00B5EB55 /* CC3Camera.h in Headers */,
				1B6D433C1377358F00B5EB55 /* CC3Identifiable.h in Headers */,
				1B6D433E1377358F00B5EB55 /* CC3Layer.h in Headers */,
				1B6D43401377358F00B5EB55 /* CC3Light.h in Headers */,
				1B6D43421377358F00B5EB55 /* CC3Material.h in Headers */,
				1B6D43441377358F00B5EB55 /* CC3MeshModel.h in Headers */,
				1B6D43461377358F00B5EB55 /* CC3MeshNode.h in Headers */,
				1B6D43481377358F00B5EB55 /* CC3Node.h in Headers */,
				1B6D434A1377358F00B5EB55 /* CC3NodeAnimation.h in Headers */,
				1B6D434C1377358F00B5EB55 /* CC3NodeSequencer.h in Headers */,
				1B6D434E1377358F00B5EB55 /* CC3NodeVisitor.h in Headers */,
				1B6D43501377358F00B5EB55 /* CC3PerformanceStatistics.h in Headers */,
				1B6D43521377358F00B5EB55 /* CC3Resource.h in Headers */,
				1B6D43541377358F00B5EB55 /* CC3ResourceNode.h in Headers */,
				1B6D43561377358F00B5EB55 /* CC3TargettingNode.h in Headers */,
				1B6D43581377358F00B5EB55 /* CC3Texture.h in Headers */,
				1B6D435A1377358F00B5EB55 /* CC3VertexArrayMeshModel.h in Headers */,
				1B6D435C1377358F00B5EB55 /* CC3VertexArrays.h in Headers */,
				1B6D435E1377358F00B5EB55 /* CC3World.h in Headers */,
				1B6D43601377358F00B5EB55 /* CC3OpenGLES11Capabilities.h in Headers */,
				1B6D43621377358F00B5EB55 /* CC3OpenGLES11Engine.h in Headers */,
				1B6D43641377358F00B5EB55 /* CC3OpenGLES11Foundation.h in Headers */,
				1B6D43671377358F00B5EB55 /* CC3OpenGLES11Intercept.h in Headers */,
				1B6D43681377358F00B5EB55 /* CC3OpenGLES11Lighting.h in Headers */,
				1B6D436A1377358F00B5EB55 /* CC3OpenGLES11Materials.h in Headers */,
				1B6D436C1377358F00B5EB55 /* CC3OpenGLES11Matrices.h in Headers */,
				1B6D436E1377358F00B5EB55 /* CC3OpenGLES11Platform.h in Headers */,
				1B6D43701377358F00B5EB55 /* CC3OpenGLES11State.h in Headers */,
				1B6D43721377358F00B5EB55 /* CC3OpenGLES11StateTracker.h in Headers */,
				1B6D43741377358F00B5EB55 /* CC3OpenGLES11Textures.h in Headers */,
				1B6D43771377358F00B5EB55 /* CC3OpenGLES11Utility.h in Headers */,
				1B6D43781377358F00B5EB55 /* CC3OpenGLES11VertexArrays.h in Headers */,
				1B6D437A1377358F00B5EB55 /* CC3Foundation.h in Headers */,
				1B6D437C1377358F00B5EB55 /* CC3GLMatrix.h in Headers */,
				1B6D437F1377358F00B5EB55 /* CC3Kazmath.h in Headers */,
				1B6D43801377358F00B5EB55 /* CC3Logging.h in Headers */,
				1B6D43811377358F00B5EB55 /* CC3Math.h in Headers */,
			);
			runOnlyForDeploymentPostprocessing = 0;
		};
/* End PBXHeadersBuildPhase section */

/* Begin PBXNativeTarget section */
		1B6D422E1377354600B5EB55 /* cocos3D */ = {
			isa = PBXNativeTarget;
			buildConfigurationList = 1B6D42391377354600B5EB55 /* Build configuration list for PBXNativeTarget "cocos3D" */;
			buildPhases = (
				1B6D422B1377354600B5EB55 /* Sources */,
				1B6D422C1377354600B5EB55 /* Frameworks */,
				1B6D422D1377354600B5EB55 /* Headers */,
			);
			buildRules = (
			);
			dependencies = (
			);
			name = cocos3D;
			productName = cocos3D;
			productReference = 1B6D422F1377354600B5EB55 /* libcocos3D.a */;
			productType = "com.apple.product-type.library.static";
		};
/* End PBXNativeTarget section */

/* Begin PBXProject section */
		1B6D42261377354600B5EB55 /* Project object */ = {
			isa = PBXProject;
			buildConfigurationList = 1B6D42291377354600B5EB55 /* Build configuration list for PBXProject "cocos3D" */;
			compatibilityVersion = "Xcode 3.2";
			developmentRegion = English;
			hasScannedForEncodings = 0;
			knownRegions = (
				en,
			);
			mainGroup = 1B6D42241377354600B5EB55;
			productRefGroup = 1B6D42301377354600B5EB55 /* Products */;
			projectDirPath = "";
			projectRoot = "";
			targets = (
				1B6D422E1377354600B5EB55 /* cocos3D */,
			);
		};
/* End PBXProject section */

/* Begin PBXSourcesBuildPhase section */
		1B6D422B1377354600B5EB55 /* Sources */ = {
			isa = PBXSourcesBuildPhase;
			buildActionMask = 2147483647;
			files = (
				1B6D42E51377358F00B5EB55 /* CC3ModelSampleFactory.m in Sources */,
				1B6D42E81377358F00B5EB55 /* CC3IdentifiablePODExtensions.m in Sources */,
				1B6D42EA1377358F00B5EB55 /* CC3NodePODExtensions.mm in Sources */,
				1B6D42EC1377358F00B5EB55 /* CC3PODCamera.mm in Sources */,
				1B6D42EE1377358F00B5EB55 /* CC3PODLight.mm in Sources */,
				1B6D42F01377358F00B5EB55 /* CC3PODMaterial.mm in Sources */,
				1B6D42F21377358F00B5EB55 /* CC3PODMeshModel.mm in Sources */,
				1B6D42F41377358F00B5EB55 /* CC3PODMeshNode.mm in Sources */,
				1B6D42F61377358F00B5EB55 /* CC3PODNode.m in Sources */,
				1B6D42F81377358F00B5EB55 /* CC3PODResource.mm in Sources */,
				1B6D42FA1377358F00B5EB55 /* CC3PODResourceNode.m in Sources */,
				1B6D42FC1377358F00B5EB55 /* CC3PVRFoundation.mm in Sources */,
				1B6D42FF1377358F00B5EB55 /* CC3VertexArraysPODExtensions.mm in Sources */,
				1B6D43001377358F00B5EB55 /* PVRTBackground.cpp in Sources */,
				1B6D43031377358F00B5EB55 /* PVRTglesExt.cpp in Sources */,
				1B6D43051377358F00B5EB55 /* PVRTTextureAPI.cpp in Sources */,
				1B6D43081377358F00B5EB55 /* PVRTBoneBatch.cpp in Sources */,
				1B6D430A1377358F00B5EB55 /* PVRTDecompress.cpp in Sources */,
				1B6D430C1377358F00B5EB55 /* PVRTError.cpp in Sources */,
				1B6D430E1377358F00B5EB55 /* PVRTFixedPoint.cpp in Sources */,
				1B6D43101377358F00B5EB55 /* PVRTGeometry.cpp in Sources */,
				1B6D43151377358F00B5EB55 /* PVRTMatrixF.cpp in Sources */,
				1B6D43161377358F00B5EB55 /* PVRTMatrixX.cpp in Sources */,
				1B6D43181377358F00B5EB55 /* PVRTMisc.cpp in Sources */,
				1B6D431A1377358F00B5EB55 /* PVRTModelPOD.cpp in Sources */,
				1B6D431D1377358F00B5EB55 /* PVRTQuaternionF.cpp in Sources */,
				1B6D431E1377358F00B5EB55 /* PVRTQuaternionX.cpp in Sources */,
				1B6D431F1377358F00B5EB55 /* PVRTResourceFile.cpp in Sources */,
				1B6D43211377358F00B5EB55 /* PVRTShadowVol.cpp in Sources */,
				1B6D43241377358F00B5EB55 /* PVRTString.cpp in Sources */,
				1B6D43261377358F00B5EB55 /* PVRTTexture.cpp in Sources */,
				1B6D43281377358F00B5EB55 /* PVRTTrans.cpp in Sources */,
				1B6D432A1377358F00B5EB55 /* PVRTTriStrip.cpp in Sources */,
				1B6D432C1377358F00B5EB55 /* PVRTVector.cpp in Sources */,
				1B6D432E1377358F00B5EB55 /* PVRTVertex.cpp in Sources */,
				1B6D43311377358F00B5EB55 /* CCNodeController.m in Sources */,
				1B6D43331377358F00B5EB55 /* ControllableCCLayer.m in Sources */,
				1B6D43351377358F00B5EB55 /* CC3ActionInterval.m in Sources */,
				1B6D43371377358F00B5EB55 /* CC3Billboard.m in Sources */,
				1B6D43391377358F00B5EB55 /* CC3BoundingVolumes.m in Sources */,
				1B6D433B1377358F00B5EB55 /* CC3Camera.m in Sources */,
				1B6D433D1377358F00B5EB55 /* CC3Identifiable.m in Sources */,
				1B6D433F1377358F00B5EB55 /* CC3Layer.m in Sources */,
				1B6D43411377358F00B5EB55 /* CC3Light.m in Sources */,
				1B6D43431377358F00B5EB55 /* CC3Material.m in Sources */,
				1B6D43451377358F00B5EB55 /* CC3MeshModel.m in Sources */,
				1B6D43471377358F00B5EB55 /* CC3MeshNode.m in Sources */,
				1B6D43491377358F00B5EB55 /* CC3Node.m in Sources */,
				1B6D434B1377358F00B5EB55 /* CC3NodeAnimation.m in Sources */,
				1B6D434D1377358F00B5EB55 /* CC3NodeSequencer.m in Sources */,
				1B6D434F1377358F00B5EB55 /* CC3NodeVisitor.m in Sources */,
				1B6D43511377358F00B5EB55 /* CC3PerformanceStatistics.m in Sources */,
				1B6D43531377358F00B5EB55 /* CC3Resource.m in Sources */,
				1B6D43551377358F00B5EB55 /* CC3ResourceNode.m in Sources */,
				1B6D43571377358F00B5EB55 /* CC3TargettingNode.m in Sources */,
				1B6D43591377358F00B5EB55 /* CC3Texture.m in Sources */,
				1B6D435B1377358F00B5EB55 /* CC3VertexArrayMeshModel.m in Sources */,
				1B6D435D1377358F00B5EB55 /* CC3VertexArrays.m in Sources */,
				1B6D435F1377358F00B5EB55 /* CC3World.m in Sources */,
				1B6D43611377358F00B5EB55 /* CC3OpenGLES11Capabilities.m in Sources */,
				1B6D43631377358F00B5EB55 /* CC3OpenGLES11Engine.m in Sources */,
				1B6D43651377358F00B5EB55 /* CC3OpenGLES11Foundation.m in Sources */,
				1B6D43661377358F00B5EB55 /* CC3OpenGLES11Intercept.c in Sources */,
				1B6D43691377358F00B5EB55 /* CC3OpenGLES11Lighting.m in Sources */,
				1B6D436B1377358F00B5EB55 /* CC3OpenGLES11Materials.m in Sources */,
				1B6D436D1377358F00B5EB55 /* CC3OpenGLES11Matrices.m in Sources */,
				1B6D436F1377358F00B5EB55 /* CC3OpenGLES11Platform.m in Sources */,
				1B6D43711377358F00B5EB55 /* CC3OpenGLES11State.m in Sources */,
				1B6D43731377358F00B5EB55 /* CC3OpenGLES11StateTracker.m in Sources */,
				1B6D43751377358F00B5EB55 /* CC3OpenGLES11Textures.m in Sources */,
				1B6D43761377358F00B5EB55 /* CC3OpenGLES11Utility.c in Sources */,
				1B6D43791377358F00B5EB55 /* CC3OpenGLES11VertexArrays.m in Sources */,
				1B6D437B1377358F00B5EB55 /* CC3Foundation.m in Sources */,
				1B6D437D1377358F00B5EB55 /* CC3GLMatrix.m in Sources */,
				1B6D437E1377358F00B5EB55 /* CC3Kazmath.c in Sources */,
				1B6D43821377358F00B5EB55 /* CC3Math.m in Sources */,
			);
			runOnlyForDeploymentPostprocessing = 0;
		};
/* End PBXSourcesBuildPhase section */

/* Begin XCBuildConfiguration section */
		1B6D42371377354600B5EB55 /* Debug */ = {
			isa = XCBuildConfiguration;
			buildSettings = {
				ARCHS = "$(ARCHS_STANDARD_32_BIT)";
				GCC_C_LANGUAGE_STANDARD = gnu99;
				GCC_OPTIMIZATION_LEVEL = 0;
				GCC_PREPROCESSOR_DEFINITIONS = DEBUG;
				GCC_SYMBOLS_PRIVATE_EXTERN = NO;
				GCC_VERSION = com.apple.compilers.llvmgcc42;
				GCC_WARN_ABOUT_RETURN_TYPE = YES;
				GCC_WARN_UNUSED_VARIABLE = YES;
				HEADER_SEARCH_PATHS = "$(SRCROOT)/dependancies/libcocos2d/Headers/**";
				IPHONEOS_DEPLOYMENT_TARGET = 4.3;
				LIBRARY_SEARCH_PATHS = "$(SRCROOT)/dependancies/libcocos2d/Debug";
				OTHER_CFLAGS = "-lcocos2d";
				SDKROOT = iphoneos;
			};
			name = Debug;
		};
		1B6D42381377354600B5EB55 /* Release */ = {
			isa = XCBuildConfiguration;
			buildSettings = {
				ARCHS = "$(ARCHS_STANDARD_32_BIT)";
				GCC_C_LANGUAGE_STANDARD = gnu99;
				GCC_VERSION = com.apple.compilers.llvmgcc42;
				GCC_WARN_ABOUT_RETURN_TYPE = YES;
				GCC_WARN_UNUSED_VARIABLE = YES;
				HEADER_SEARCH_PATHS = "$(SRCROOT)/dependancies/libcocos2d/Headers/**";
				IPHONEOS_DEPLOYMENT_TARGET = 4.3;
				LIBRARY_SEARCH_PATHS = "$(SRCROOT)/dependancies/libcocos2d/Release";
				OTHER_CFLAGS = "-lcocos2d";
				SDKROOT = iphoneos;
			};
			name = Release;
		};
		1B6D423A1377354600B5EB55 /* Debug */ = {
			isa = XCBuildConfiguration;
			buildSettings = {
				ALWAYS_SEARCH_USER_PATHS = NO;
				DSTROOT = /tmp/cocos3D.dst;
				GCC_PRECOMPILE_PREFIX_HEADER = YES;
				GCC_PREFIX_HEADER = "cocos3D/cocos3D-Prefix.pch";
				OTHER_LDFLAGS = "-ObjC";
				PRODUCT_NAME = "$(TARGET_NAME)";
			};
			name = Debug;
		};
		1B6D423B1377354600B5EB55 /* Release */ = {
			isa = XCBuildConfiguration;
			buildSettings = {
				ALWAYS_SEARCH_USER_PATHS = NO;
				DSTROOT = /tmp/cocos3D.dst;
				GCC_PRECOMPILE_PREFIX_HEADER = YES;
				GCC_PREFIX_HEADER = "cocos3D/cocos3D-Prefix.pch";
				OTHER_LDFLAGS = "-ObjC";
				PRODUCT_NAME = "$(TARGET_NAME)";
			};
			name = Release;
		};
/* End XCBuildConfiguration section */

/* Begin XCConfigurationList section */
		1B6D42291377354600B5EB55 /* Build configuration list for PBXProject "cocos3D" */ = {
			isa = XCConfigurationList;
			buildConfigurations = (
				1B6D42371377354600B5EB55 /* Debug */,
				1B6D42381377354600B5EB55 /* Release */,
			);
			defaultConfigurationIsVisible = 0;
			defaultConfigurationName = Release;
		};
		1B6D42391377354600B5EB55 /* Build configuration list for PBXNativeTarget "cocos3D" */ = {
			isa = XCConfigurationList;
			buildConfigurations = (
				1B6D423A1377354600B5EB55 /* Debug */,
				1B6D423B1377354600B5EB55 /* Release */,
			);
			defaultConfigurationIsVisible = 0;
		};
/* End XCConfigurationList section */
	};
	rootObject = 1B6D42261377354600B5EB55 /* Project object */;
}
